// !$*UTF8*$!
{
	archiveVersion = 1;
	classes = {
	};
	objectVersion = 46;
	objects = {

/* Begin PBXBuildFile section */
		189A5997881C46C0A31EA7CC /* libPods.a in Frameworks */ = {isa = PBXBuildFile; fileRef = 6684E807DFB3424EAB2B204A /* libPods.a */; };
		36266E881A01BA0400AB66D0 /* SongForm.swift in Sources */ = {isa = PBXBuildFile; fileRef = 36266E871A01BA0400AB66D0 /* SongForm.swift */; };
		362A84641A143C4F00A41EE0 /* ChordSectionHeader.xib in Resources */ = {isa = PBXBuildFile; fileRef = 362A84631A143C4F00A41EE0 /* ChordSectionHeader.xib */; };
		362A84671A143D9C00A41EE0 /* ChordSectionHeader.swift in Sources */ = {isa = PBXBuildFile; fileRef = 362A84661A143D9C00A41EE0 /* ChordSectionHeader.swift */; };
		363B910E1982F46B00E09133 /* SheetMusicViewController.swift in Sources */ = {isa = PBXBuildFile; fileRef = 363B910D1982F46B00E09133 /* SheetMusicViewController.swift */; };
		363B91101982F47600E09133 /* SheetMusicViewController.storyboard in Resources */ = {isa = PBXBuildFile; fileRef = 363B910F1982F47600E09133 /* SheetMusicViewController.storyboard */; };
		363B91131982F51100E09133 /* ChordCell.xib in Resources */ = {isa = PBXBuildFile; fileRef = 363B91121982F51100E09133 /* ChordCell.xib */; };
		363B91151982F61100E09133 /* ChordCell.swift in Sources */ = {isa = PBXBuildFile; fileRef = 363B91141982F61100E09133 /* ChordCell.swift */; };
		363B9119198314DB00E09133 /* ChordsViewController.swift in Sources */ = {isa = PBXBuildFile; fileRef = 363B9118198314DB00E09133 /* ChordsViewController.swift */; };
		363B911B198314F200E09133 /* SingleChordViewController.swift in Sources */ = {isa = PBXBuildFile; fileRef = 363B911A198314F200E09133 /* SingleChordViewController.swift */; };
		363B911D198314FE00E09133 /* ChordsViewController.storyboard in Resources */ = {isa = PBXBuildFile; fileRef = 363B911C198314FD00E09133 /* ChordsViewController.storyboard */; };
		363B911F1983150700E09133 /* SingleChordViewController.storyboard in Resources */ = {isa = PBXBuildFile; fileRef = 363B911E1983150700E09133 /* SingleChordViewController.storyboard */; };
		3667CD181A1D820200E8F7A7 /* JazzChordFontTextProvider.swift in Sources */ = {isa = PBXBuildFile; fileRef = 3667CD171A1D820200E8F7A7 /* JazzChordFontTextProvider.swift */; };
		3667CD391A1D987A00E8F7A7 /* drums.sf2 in Resources */ = {isa = PBXBuildFile; fileRef = 3667CD301A1D987A00E8F7A7 /* drums.sf2 */; };
		3667CD3A1A1D987A00E8F7A7 /* jazz.ttf in Resources */ = {isa = PBXBuildFile; fileRef = 3667CD311A1D987A00E8F7A7 /* jazz.ttf */; };
		3667CD3B1A1D987A00E8F7A7 /* jazzBass.sf2 in Resources */ = {isa = PBXBuildFile; fileRef = 3667CD321A1D987A00E8F7A7 /* jazzBass.sf2 */; };
		3667CD3C1A1D987A00E8F7A7 /* jazzGuitar.sf2 in Resources */ = {isa = PBXBuildFile; fileRef = 3667CD331A1D987A00E8F7A7 /* jazzGuitar.sf2 */; };
		3667CD3E1A1D987A00E8F7A7 /* Piano.sf2 in Resources */ = {isa = PBXBuildFile; fileRef = 3667CD351A1D987A00E8F7A7 /* Piano.sf2 */; };
		3667CD3F1A1D987A00E8F7A7 /* sax.sf2 in Resources */ = {isa = PBXBuildFile; fileRef = 3667CD361A1D987A00E8F7A7 /* sax.sf2 */; };
		3667CD4B1A1D99E100E8F7A7 /* trombone.sf2 in Resources */ = {isa = PBXBuildFile; fileRef = 3667CD4A1A1D99E100E8F7A7 /* trombone.sf2 */; };
		3667CD4D1A1D9D1F00E8F7A7 /* JazzMusicGenerator.framework in CopyFiles */ = {isa = PBXBuildFile; fileRef = 364E5B9B1A0933AC00591789 /* JazzMusicGenerator.framework */; settings = {ATTRIBUTES = (CodeSignOnCopy, RemoveHeadersOnCopy, ); }; };
		3667CD4F1A1EEEFD00E8F7A7 /* MainMenuProvider.swift in Sources */ = {isa = PBXBuildFile; fileRef = 3667CD4E1A1EEEFD00E8F7A7 /* MainMenuProvider.swift */; };
		3667CD511A1EF0C300E8F7A7 /* RootViewControllerProvider.swift in Sources */ = {isa = PBXBuildFile; fileRef = 3667CD501A1EF0C300E8F7A7 /* RootViewControllerProvider.swift */; };
		3667CD541A1EF33100E8F7A7 /* MessageUI.framework in Frameworks */ = {isa = PBXBuildFile; fileRef = 3667CD531A1EF33100E8F7A7 /* MessageUI.framework */; };
		3667CD571A1EF72F00E8F7A7 /* GenericScrollViewController.swift in Sources */ = {isa = PBXBuildFile; fileRef = 3667CD561A1EF72F00E8F7A7 /* GenericScrollViewController.swift */; };
		3667CD591A1EF73E00E8F7A7 /* GenericScrollViewController.xib in Resources */ = {isa = PBXBuildFile; fileRef = 3667CD581A1EF73E00E8F7A7 /* GenericScrollViewController.xib */; };
		3667CD5F1A1EF92200E8F7A7 /* OnboardingViewController.swift in Sources */ = {isa = PBXBuildFile; fileRef = 3667CD5D1A1EF92200E8F7A7 /* OnboardingViewController.swift */; };
		3667CD601A1EF92200E8F7A7 /* OnboardingViewController.xib in Resources */ = {isa = PBXBuildFile; fileRef = 3667CD5E1A1EF92200E8F7A7 /* OnboardingViewController.xib */; };
		3667CD631A1EFC9800E8F7A7 /* AlgorithmViewController.swift in Sources */ = {isa = PBXBuildFile; fileRef = 3667CD611A1EFC9800E8F7A7 /* AlgorithmViewController.swift */; };
		3667CD641A1EFC9800E8F7A7 /* AlgorithmViewController.xib in Resources */ = {isa = PBXBuildFile; fileRef = 3667CD621A1EFC9800E8F7A7 /* AlgorithmViewController.xib */; };
		3667CD7E1A22720B00E8F7A7 /* Armchair.framework in CopyFiles */ = {isa = PBXBuildFile; fileRef = 3667CD731A2271C800E8F7A7 /* Armchair.framework */; settings = {ATTRIBUTES = (CodeSignOnCopy, RemoveHeadersOnCopy, ); }; };
		36E70C1019A6C6FC00DB306D /* NewSongGeneratorViewController.swift in Sources */ = {isa = PBXBuildFile; fileRef = 36E70C0F19A6C6FC00DB306D /* NewSongGeneratorViewController.swift */; };
		36E70C1219A6C70C00DB306D /* NewSongGenerator.storyboard in Resources */ = {isa = PBXBuildFile; fileRef = 36E70C1119A6C70C00DB306D /* NewSongGenerator.storyboard */; };
		36E70C1419A907A300DB306D /* SongSettingsViewController.swift in Sources */ = {isa = PBXBuildFile; fileRef = 36E70C1319A907A300DB306D /* SongSettingsViewController.swift */; };
		36E70C1619A907AE00DB306D /* SongSettings.storyboard in Resources */ = {isa = PBXBuildFile; fileRef = 36E70C1519A907AE00DB306D /* SongSettings.storyboard */; };
		36E70C1919A907E400DB306D /* UIUtils.swift in Sources */ = {isa = PBXBuildFile; fileRef = 36E70C1819A907E400DB306D /* UIUtils.swift */; };
		36ED668E1982D535001D5C10 /* Images.xcassets in Resources */ = {isa = PBXBuildFile; fileRef = 36ED668D1982D535001D5C10 /* Images.xcassets */; };
		36ED669A1982D535001D5C10 /* JazzPracticeTests.swift in Sources */ = {isa = PBXBuildFile; fileRef = 36ED66991982D535001D5C10 /* JazzPracticeTests.swift */; };
		36ED66AB1982D6FD001D5C10 /* AppDelegate.swift in Sources */ = {isa = PBXBuildFile; fileRef = 36ED66A91982D6FD001D5C10 /* AppDelegate.swift */; };
		36ED66AE1982D9D3001D5C10 /* SectionsCollectionViewController.swift in Sources */ = {isa = PBXBuildFile; fileRef = 36ED66AD1982D9D3001D5C10 /* SectionsCollectionViewController.swift */; };
		36ED66B01982DA26001D5C10 /* SectionsCollectionViewController.storyboard in Resources */ = {isa = PBXBuildFile; fileRef = 36ED66AF1982DA26001D5C10 /* SectionsCollectionViewController.storyboard */; };
		36ED671E1982DBF7001D5C10 /* MusicGenerator.swift in Sources */ = {isa = PBXBuildFile; fileRef = 36ED671D1982DBF7001D5C10 /* MusicGenerator.swift */; };
		36ED67201982DD07001D5C10 /* SongSection.swift in Sources */ = {isa = PBXBuildFile; fileRef = 36ED671F1982DD07001D5C10 /* SongSection.swift */; };
		36ED67241982DE99001D5C10 /* CurrentSongDataCenter.swift in Sources */ = {isa = PBXBuildFile; fileRef = 36ED67231982DE99001D5C10 /* CurrentSongDataCenter.swift */; };
		36ED67261982E1DD001D5C10 /* JukeBox.swift in Sources */ = {isa = PBXBuildFile; fileRef = 36ED67251982E1DD001D5C10 /* JukeBox.swift */; };
/* End PBXBuildFile section */

/* Begin PBXContainerItemProxy section */
		364E5B9A1A0933AC00591789 /* PBXContainerItemProxy */ = {
			isa = PBXContainerItemProxy;
			containerPortal = 364E5B951A0933AC00591789 /* JazzMusicGenerator.xcodeproj */;
			proxyType = 2;
			remoteGlobalIDString = 364E5AD01A09288A00591789;
			remoteInfo = JazzMusicGenerator;
		};
		364E5B9C1A0933AC00591789 /* PBXContainerItemProxy */ = {
			isa = PBXContainerItemProxy;
			containerPortal = 364E5B951A0933AC00591789 /* JazzMusicGenerator.xcodeproj */;
			proxyType = 2;
			remoteGlobalIDString = 364E5ADB1A09288A00591789;
			remoteInfo = JazzMusicGeneratorTests;
		};
		364E5C9F1A093CFE00591789 /* PBXContainerItemProxy */ = {
			isa = PBXContainerItemProxy;
			containerPortal = 364E5B951A0933AC00591789 /* JazzMusicGenerator.xcodeproj */;
			proxyType = 1;
			remoteGlobalIDString = 364E5BD51A093B2B00591789;
			remoteInfo = JazzMusicGenerator;
		};
		3667CD721A2271C800E8F7A7 /* PBXContainerItemProxy */ = {
			isa = PBXContainerItemProxy;
			containerPortal = 3667CD6A1A2271C800E8F7A7 /* Armchair.xcodeproj */;
			proxyType = 2;
			remoteGlobalIDString = E6D8B8B519C7274F001AD043;
			remoteInfo = Armchair;
		};
		3667CD741A2271C800E8F7A7 /* PBXContainerItemProxy */ = {
			isa = PBXContainerItemProxy;
			containerPortal = 3667CD6A1A2271C800E8F7A7 /* Armchair.xcodeproj */;
			proxyType = 2;
			remoteGlobalIDString = E6D8B8F919C756A4001AD043;
			remoteInfo = ArmchairMac;
		};
		3667CD761A2271C800E8F7A7 /* PBXContainerItemProxy */ = {
			isa = PBXContainerItemProxy;
			containerPortal = 3667CD6A1A2271C800E8F7A7 /* Armchair.xcodeproj */;
			proxyType = 2;
			remoteGlobalIDString = E6A0AF6519C9CFF400C3A7DC;
			remoteInfo = ArmchairLocalizable;
		};
		3667CD781A2271C800E8F7A7 /* PBXContainerItemProxy */ = {
			isa = PBXContainerItemProxy;
			containerPortal = 3667CD6A1A2271C800E8F7A7 /* Armchair.xcodeproj */;
			proxyType = 2;
			remoteGlobalIDString = E6F6159419C9FFDA00C0B51C;
			remoteInfo = ArmchairLocalizableMac;
		};
		3667CD7A1A2271C800E8F7A7 /* PBXContainerItemProxy */ = {
			isa = PBXContainerItemProxy;
			containerPortal = 3667CD6A1A2271C800E8F7A7 /* Armchair.xcodeproj */;
			proxyType = 2;
			remoteGlobalIDString = E6D8B92819C880A9001AD043;
			remoteInfo = ArmchairTests;
		};
		3667CD7C1A2271D400E8F7A7 /* PBXContainerItemProxy */ = {
			isa = PBXContainerItemProxy;
			containerPortal = 3667CD6A1A2271C800E8F7A7 /* Armchair.xcodeproj */;
			proxyType = 1;
			remoteGlobalIDString = F8111E3219A95C8B0040E7D1;
			remoteInfo = Armchair;
		};
		36ED66941982D535001D5C10 /* PBXContainerItemProxy */ = {
			isa = PBXContainerItemProxy;
			containerPortal = 36ED66791982D535001D5C10 /* Project object */;
			proxyType = 1;
			remoteGlobalIDString = 36ED66801982D535001D5C10;
			remoteInfo = JazzPractice;
		};
/* End PBXContainerItemProxy section */

/* Begin PBXCopyFilesBuildPhase section */
		3667CD4C1A1D9CDB00E8F7A7 /* CopyFiles */ = {
			isa = PBXCopyFilesBuildPhase;
			buildActionMask = 12;
			dstPath = "";
			dstSubfolderSpec = 10;
			files = (
				3667CD7E1A22720B00E8F7A7 /* Armchair.framework in CopyFiles */,
				3667CD4D1A1D9D1F00E8F7A7 /* JazzMusicGenerator.framework in CopyFiles */,
			);
			runOnlyForDeploymentPostprocessing = 0;
		};
/* End PBXCopyFilesBuildPhase section */

/* Begin PBXFileReference section */
		36266E871A01BA0400AB66D0 /* SongForm.swift */ = {isa = PBXFileReference; fileEncoding = 4; lastKnownFileType = sourcecode.swift; path = SongForm.swift; sourceTree = "<group>"; };
		362A84631A143C4F00A41EE0 /* ChordSectionHeader.xib */ = {isa = PBXFileReference; fileEncoding = 4; lastKnownFileType = file.xib; path = ChordSectionHeader.xib; sourceTree = "<group>"; };
		362A84661A143D9C00A41EE0 /* ChordSectionHeader.swift */ = {isa = PBXFileReference; fileEncoding = 4; lastKnownFileType = sourcecode.swift; path = ChordSectionHeader.swift; sourceTree = "<group>"; };
		363B910D1982F46B00E09133 /* SheetMusicViewController.swift */ = {isa = PBXFileReference; fileEncoding = 4; lastKnownFileType = sourcecode.swift; path = SheetMusicViewController.swift; sourceTree = "<group>"; };
		363B910F1982F47600E09133 /* SheetMusicViewController.storyboard */ = {isa = PBXFileReference; fileEncoding = 4; lastKnownFileType = file.storyboard; path = SheetMusicViewController.storyboard; sourceTree = "<group>"; };
		363B91121982F51100E09133 /* ChordCell.xib */ = {isa = PBXFileReference; fileEncoding = 4; lastKnownFileType = file.xib; path = ChordCell.xib; sourceTree = "<group>"; };
		363B91141982F61100E09133 /* ChordCell.swift */ = {isa = PBXFileReference; fileEncoding = 4; lastKnownFileType = sourcecode.swift; path = ChordCell.swift; sourceTree = "<group>"; };
		363B9118198314DB00E09133 /* ChordsViewController.swift */ = {isa = PBXFileReference; fileEncoding = 4; lastKnownFileType = sourcecode.swift; path = ChordsViewController.swift; sourceTree = "<group>"; };
		363B911A198314F200E09133 /* SingleChordViewController.swift */ = {isa = PBXFileReference; fileEncoding = 4; lastKnownFileType = sourcecode.swift; path = SingleChordViewController.swift; sourceTree = "<group>"; };
		363B911C198314FD00E09133 /* ChordsViewController.storyboard */ = {isa = PBXFileReference; fileEncoding = 4; lastKnownFileType = file.storyboard; path = ChordsViewController.storyboard; sourceTree = "<group>"; };
		363B911E1983150700E09133 /* SingleChordViewController.storyboard */ = {isa = PBXFileReference; fileEncoding = 4; lastKnownFileType = file.storyboard; path = SingleChordViewController.storyboard; sourceTree = "<group>"; };
		364E5B951A0933AC00591789 /* JazzMusicGenerator.xcodeproj */ = {isa = PBXFileReference; lastKnownFileType = "wrapper.pb-project"; name = JazzMusicGenerator.xcodeproj; path = ../../TestAudio/JazzMusicGenerator.xcodeproj; sourceTree = "<group>"; };
		3667CD171A1D820200E8F7A7 /* JazzChordFontTextProvider.swift */ = {isa = PBXFileReference; fileEncoding = 4; lastKnownFileType = sourcecode.swift; path = JazzChordFontTextProvider.swift; sourceTree = "<group>"; };
		3667CD301A1D987A00E8F7A7 /* drums.sf2 */ = {isa = PBXFileReference; lastKnownFileType = file; path = drums.sf2; sourceTree = "<group>"; };
		3667CD311A1D987A00E8F7A7 /* jazz.ttf */ = {isa = PBXFileReference; lastKnownFileType = file; path = jazz.ttf; sourceTree = "<group>"; };
		3667CD321A1D987A00E8F7A7 /* jazzBass.sf2 */ = {isa = PBXFileReference; lastKnownFileType = file; path = jazzBass.sf2; sourceTree = "<group>"; };
		3667CD331A1D987A00E8F7A7 /* jazzGuitar.sf2 */ = {isa = PBXFileReference; lastKnownFileType = file; path = jazzGuitar.sf2; sourceTree = "<group>"; };
		3667CD351A1D987A00E8F7A7 /* Piano.sf2 */ = {isa = PBXFileReference; lastKnownFileType = file; path = Piano.sf2; sourceTree = "<group>"; };
		3667CD361A1D987A00E8F7A7 /* sax.sf2 */ = {isa = PBXFileReference; lastKnownFileType = file; path = sax.sf2; sourceTree = "<group>"; };
		3667CD4A1A1D99E100E8F7A7 /* trombone.sf2 */ = {isa = PBXFileReference; lastKnownFileType = file; path = trombone.sf2; sourceTree = "<group>"; };
		3667CD4E1A1EEEFD00E8F7A7 /* MainMenuProvider.swift */ = {isa = PBXFileReference; fileEncoding = 4; lastKnownFileType = sourcecode.swift; path = MainMenuProvider.swift; sourceTree = "<group>"; };
		3667CD501A1EF0C300E8F7A7 /* RootViewControllerProvider.swift */ = {isa = PBXFileReference; fileEncoding = 4; lastKnownFileType = sourcecode.swift; path = RootViewControllerProvider.swift; sourceTree = "<group>"; };
		3667CD531A1EF33100E8F7A7 /* MessageUI.framework */ = {isa = PBXFileReference; lastKnownFileType = wrapper.framework; name = MessageUI.framework; path = System/Library/Frameworks/MessageUI.framework; sourceTree = SDKROOT; };
		3667CD561A1EF72F00E8F7A7 /* GenericScrollViewController.swift */ = {isa = PBXFileReference; fileEncoding = 4; lastKnownFileType = sourcecode.swift; path = GenericScrollViewController.swift; sourceTree = "<group>"; };
		3667CD581A1EF73E00E8F7A7 /* GenericScrollViewController.xib */ = {isa = PBXFileReference; fileEncoding = 4; lastKnownFileType = file.xib; path = GenericScrollViewController.xib; sourceTree = "<group>"; };
		3667CD5D1A1EF92200E8F7A7 /* OnboardingViewController.swift */ = {isa = PBXFileReference; fileEncoding = 4; lastKnownFileType = sourcecode.swift; path = OnboardingViewController.swift; sourceTree = "<group>"; };
		3667CD5E1A1EF92200E8F7A7 /* OnboardingViewController.xib */ = {isa = PBXFileReference; fileEncoding = 4; lastKnownFileType = file.xib; path = OnboardingViewController.xib; sourceTree = "<group>"; };
		3667CD611A1EFC9800E8F7A7 /* AlgorithmViewController.swift */ = {isa = PBXFileReference; fileEncoding = 4; lastKnownFileType = sourcecode.swift; path = AlgorithmViewController.swift; sourceTree = "<group>"; };
		3667CD621A1EFC9800E8F7A7 /* AlgorithmViewController.xib */ = {isa = PBXFileReference; fileEncoding = 4; lastKnownFileType = file.xib; path = AlgorithmViewController.xib; sourceTree = "<group>"; };
		3667CD661A21BB4100E8F7A7 /* JazzPracticeTests-Bridging-Header.h */ = {isa = PBXFileReference; lastKnownFileType = sourcecode.c.h; path = "JazzPracticeTests-Bridging-Header.h"; sourceTree = "<group>"; };
		3667CD6A1A2271C800E8F7A7 /* Armchair.xcodeproj */ = {isa = PBXFileReference; lastKnownFileType = "wrapper.pb-project"; name = Armchair.xcodeproj; path = SwiftSubmodules/Armchair/Armchair.xcodeproj; sourceTree = SOURCE_ROOT; };
		36E70C0F19A6C6FC00DB306D /* NewSongGeneratorViewController.swift */ = {isa = PBXFileReference; fileEncoding = 4; lastKnownFileType = sourcecode.swift; path = NewSongGeneratorViewController.swift; sourceTree = "<group>"; };
		36E70C1119A6C70C00DB306D /* NewSongGenerator.storyboard */ = {isa = PBXFileReference; fileEncoding = 4; lastKnownFileType = file.storyboard; path = NewSongGenerator.storyboard; sourceTree = "<group>"; };
		36E70C1319A907A300DB306D /* SongSettingsViewController.swift */ = {isa = PBXFileReference; fileEncoding = 4; lastKnownFileType = sourcecode.swift; path = SongSettingsViewController.swift; sourceTree = "<group>"; };
		36E70C1519A907AE00DB306D /* SongSettings.storyboard */ = {isa = PBXFileReference; fileEncoding = 4; lastKnownFileType = file.storyboard; path = SongSettings.storyboard; sourceTree = "<group>"; };
		36E70C1819A907E400DB306D /* UIUtils.swift */ = {isa = PBXFileReference; fileEncoding = 4; lastKnownFileType = sourcecode.swift; path = UIUtils.swift; sourceTree = "<group>"; };
		36ED66811982D535001D5C10 /* Combo.app */ = {isa = PBXFileReference; explicitFileType = wrapper.application; includeInIndex = 0; path = Combo.app; sourceTree = BUILT_PRODUCTS_DIR; };
		36ED66851982D535001D5C10 /* Info.plist */ = {isa = PBXFileReference; lastKnownFileType = text.plist.xml; path = Info.plist; sourceTree = "<group>"; };
		36ED668D1982D535001D5C10 /* Images.xcassets */ = {isa = PBXFileReference; lastKnownFileType = folder.assetcatalog; path = Images.xcassets; sourceTree = "<group>"; };
		36ED66931982D535001D5C10 /* ComboTests.xctest */ = {isa = PBXFileReference; explicitFileType = wrapper.cfbundle; includeInIndex = 0; path = ComboTests.xctest; sourceTree = BUILT_PRODUCTS_DIR; };
		36ED66981982D535001D5C10 /* Info.plist */ = {isa = PBXFileReference; lastKnownFileType = text.plist.xml; path = Info.plist; sourceTree = "<group>"; };
		36ED66991982D535001D5C10 /* JazzPracticeTests.swift */ = {isa = PBXFileReference; lastKnownFileType = sourcecode.swift; path = JazzPracticeTests.swift; sourceTree = "<group>"; };
		36ED66A91982D6FD001D5C10 /* AppDelegate.swift */ = {isa = PBXFileReference; fileEncoding = 4; lastKnownFileType = sourcecode.swift; path = AppDelegate.swift; sourceTree = "<group>"; };
		36ED66AD1982D9D3001D5C10 /* SectionsCollectionViewController.swift */ = {isa = PBXFileReference; fileEncoding = 4; lastKnownFileType = sourcecode.swift; path = SectionsCollectionViewController.swift; sourceTree = "<group>"; };
		36ED66AF1982DA26001D5C10 /* SectionsCollectionViewController.storyboard */ = {isa = PBXFileReference; fileEncoding = 4; lastKnownFileType = file.storyboard; path = SectionsCollectionViewController.storyboard; sourceTree = "<group>"; };
		36ED671D1982DBF7001D5C10 /* MusicGenerator.swift */ = {isa = PBXFileReference; fileEncoding = 4; lastKnownFileType = sourcecode.swift; path = MusicGenerator.swift; sourceTree = "<group>"; };
		36ED671F1982DD07001D5C10 /* SongSection.swift */ = {isa = PBXFileReference; fileEncoding = 4; lastKnownFileType = sourcecode.swift; path = SongSection.swift; sourceTree = "<group>"; };
		36ED67231982DE99001D5C10 /* CurrentSongDataCenter.swift */ = {isa = PBXFileReference; fileEncoding = 4; lastKnownFileType = sourcecode.swift; path = CurrentSongDataCenter.swift; sourceTree = "<group>"; };
		36ED67251982E1DD001D5C10 /* JukeBox.swift */ = {isa = PBXFileReference; fileEncoding = 4; lastKnownFileType = sourcecode.swift; path = JukeBox.swift; sourceTree = "<group>"; };
		6684E807DFB3424EAB2B204A /* libPods.a */ = {isa = PBXFileReference; explicitFileType = archive.ar; includeInIndex = 0; path = libPods.a; sourceTree = BUILT_PRODUCTS_DIR; };
		7A13FE0CD42978B43F71D147 /* Pods.debug.xcconfig */ = {isa = PBXFileReference; includeInIndex = 1; lastKnownFileType = text.xcconfig; name = Pods.debug.xcconfig; path = "Pods/Target Support Files/Pods/Pods.debug.xcconfig"; sourceTree = "<group>"; };
		95F34653D7487D8CF87862F5 /* Pods.release.xcconfig */ = {isa = PBXFileReference; includeInIndex = 1; lastKnownFileType = text.xcconfig; name = Pods.release.xcconfig; path = "Pods/Target Support Files/Pods/Pods.release.xcconfig"; sourceTree = "<group>"; };
/* End PBXFileReference section */

/* Begin PBXFrameworksBuildPhase section */
		36ED667E1982D535001D5C10 /* Frameworks */ = {
			isa = PBXFrameworksBuildPhase;
			buildActionMask = 2147483647;
			files = (
				3667CD541A1EF33100E8F7A7 /* MessageUI.framework in Frameworks */,
				189A5997881C46C0A31EA7CC /* libPods.a in Frameworks */,
			);
			runOnlyForDeploymentPostprocessing = 0;
		};
		36ED66901982D535001D5C10 /* Frameworks */ = {
			isa = PBXFrameworksBuildPhase;
			buildActionMask = 2147483647;
			files = (
			);
			runOnlyForDeploymentPostprocessing = 0;
		};
/* End PBXFrameworksBuildPhase section */

/* Begin PBXGroup section */
		363B910C1982F46000E09133 /* PlayingViewControllers */ = {
			isa = PBXGroup;
			children = (
				363B910D1982F46B00E09133 /* SheetMusicViewController.swift */,
				363B910F1982F47600E09133 /* SheetMusicViewController.storyboard */,
			);
			path = PlayingViewControllers;
			sourceTree = "<group>";
		};
		363B91111982F50200E09133 /* CollectionViewCells */ = {
			isa = PBXGroup;
			children = (
				363B91141982F61100E09133 /* ChordCell.swift */,
				363B91121982F51100E09133 /* ChordCell.xib */,
				362A84661A143D9C00A41EE0 /* ChordSectionHeader.swift */,
				362A84631A143C4F00A41EE0 /* ChordSectionHeader.xib */,
			);
			path = CollectionViewCells;
			sourceTree = "<group>";
		};
		364E5B961A0933AC00591789 /* Products */ = {
			isa = PBXGroup;
			children = (
				364E5B9B1A0933AC00591789 /* JazzMusicGenerator.framework */,
				364E5B9D1A0933AC00591789 /* JazzMusicGeneratorTests.xctest */,
			);
			name = Products;
			sourceTree = "<group>";
		};
		3667CD131A1D7FD300E8F7A7 /* Resources */ = {
			isa = PBXGroup;
			children = (
				3667CD301A1D987A00E8F7A7 /* drums.sf2 */,
				3667CD311A1D987A00E8F7A7 /* jazz.ttf */,
				3667CD321A1D987A00E8F7A7 /* jazzBass.sf2 */,
				3667CD331A1D987A00E8F7A7 /* jazzGuitar.sf2 */,
				3667CD351A1D987A00E8F7A7 /* Piano.sf2 */,
				3667CD361A1D987A00E8F7A7 /* sax.sf2 */,
				3667CD4A1A1D99E100E8F7A7 /* trombone.sf2 */,
			);
			path = Resources;
			sourceTree = "<group>";
		};
		3667CD551A1EF6EE00E8F7A7 /* Generic */ = {
			isa = PBXGroup;
			children = (
				3667CD561A1EF72F00E8F7A7 /* GenericScrollViewController.swift */,
				3667CD581A1EF73E00E8F7A7 /* GenericScrollViewController.xib */,
			);
			path = Generic;
			sourceTree = "<group>";
		};
		3667CD5C1A1EF91800E8F7A7 /* MainMenuViewController */ = {
			isa = PBXGroup;
			children = (
				3667CD5D1A1EF92200E8F7A7 /* OnboardingViewController.swift */,
				3667CD5E1A1EF92200E8F7A7 /* OnboardingViewController.xib */,
				3667CD611A1EFC9800E8F7A7 /* AlgorithmViewController.swift */,
				3667CD621A1EFC9800E8F7A7 /* AlgorithmViewController.xib */,
			);
			path = MainMenuViewController;
			sourceTree = "<group>";
		};
		3667CD6B1A2271C800E8F7A7 /* Products */ = {
			isa = PBXGroup;
			children = (
				3667CD731A2271C800E8F7A7 /* Armchair.framework */,
				3667CD751A2271C800E8F7A7 /* Armchair.framework */,
				3667CD771A2271C800E8F7A7 /* Armchair.bundle */,
				3667CD791A2271C800E8F7A7 /* Armchair.bundle */,
				3667CD7B1A2271C800E8F7A7 /* ArmchairTests.xctest */,
			);
			name = Products;
			sourceTree = "<group>";
		};
		36E70C1719A907C400DB306D /* Utils */ = {
			isa = PBXGroup;
			children = (
				36E70C1819A907E400DB306D /* UIUtils.swift */,
			);
			path = Utils;
			sourceTree = "<group>";
		};
		36ED66781982D535001D5C10 = {
			isa = PBXGroup;
			children = (
				36ED66831982D535001D5C10 /* JazzPractice */,
				36ED66961982D535001D5C10 /* JazzPracticeTests */,
				36ED66821982D535001D5C10 /* Products */,
				CCADC81EA03F42E5804B3290 /* Frameworks */,
				AB973F1F71F79F3B9219E028 /* Pods */,
			);
			sourceTree = "<group>";
		};
		36ED66821982D535001D5C10 /* Products */ = {
			isa = PBXGroup;
			children = (
				36ED66811982D535001D5C10 /* Combo.app */,
				36ED66931982D535001D5C10 /* ComboTests.xctest */,
			);
			name = Products;
			sourceTree = "<group>";
		};
		36ED66831982D535001D5C10 /* JazzPractice */ = {
			isa = PBXGroup;
			children = (
				364E5B951A0933AC00591789 /* JazzMusicGenerator.xcodeproj */,
				3667CD6A1A2271C800E8F7A7 /* Armchair.xcodeproj */,
				36ED66A31982D697001D5C10 /* Source */,
				36ED668D1982D535001D5C10 /* Images.xcassets */,
				3667CD131A1D7FD300E8F7A7 /* Resources */,
				36ED66841982D535001D5C10 /* Supporting Files */,
			);
			path = JazzPractice;
			sourceTree = "<group>";
		};
		36ED66841982D535001D5C10 /* Supporting Files */ = {
			isa = PBXGroup;
			children = (
				36ED66851982D535001D5C10 /* Info.plist */,
			);
			name = "Supporting Files";
			sourceTree = "<group>";
		};
		36ED66961982D535001D5C10 /* JazzPracticeTests */ = {
			isa = PBXGroup;
			children = (
				36ED66991982D535001D5C10 /* JazzPracticeTests.swift */,
				36ED66971982D535001D5C10 /* Supporting Files */,
			);
			path = JazzPracticeTests;
			sourceTree = "<group>";
		};
		36ED66971982D535001D5C10 /* Supporting Files */ = {
			isa = PBXGroup;
			children = (
				36ED66981982D535001D5C10 /* Info.plist */,
			);
			name = "Supporting Files";
			sourceTree = "<group>";
		};
		36ED66A31982D697001D5C10 /* Source */ = {
			isa = PBXGroup;
			children = (
				36ED66A81982D6FD001D5C10 /* AppDelegate */,
				363B91111982F50200E09133 /* CollectionViewCells */,
				36ED67221982DE91001D5C10 /* DataCenters */,
				36ED66AA1982D6FD001D5C10 /* EditingViewControllers */,
				3667CD551A1EF6EE00E8F7A7 /* Generic */,
				3667CD5C1A1EF91800E8F7A7 /* MainMenuViewController */,
				36ED671C1982DBB6001D5C10 /* MusicGenerator */,
				363B910C1982F46000E09133 /* PlayingViewControllers */,
				36E70C1719A907C400DB306D /* Utils */,
			);
			path = Source;
			sourceTree = "<group>";
		};
		36ED66A81982D6FD001D5C10 /* AppDelegate */ = {
			isa = PBXGroup;
			children = (
				36ED66A91982D6FD001D5C10 /* AppDelegate.swift */,
				3667CD661A21BB4100E8F7A7 /* JazzPracticeTests-Bridging-Header.h */,
			);
			path = AppDelegate;
			sourceTree = "<group>";
		};
		36ED66AA1982D6FD001D5C10 /* EditingViewControllers */ = {
			isa = PBXGroup;
			children = (
				36ED66AD1982D9D3001D5C10 /* SectionsCollectionViewController.swift */,
				36ED66AF1982DA26001D5C10 /* SectionsCollectionViewController.storyboard */,
				36E70C0F19A6C6FC00DB306D /* NewSongGeneratorViewController.swift */,
				36E70C1119A6C70C00DB306D /* NewSongGenerator.storyboard */,
				36E70C1319A907A300DB306D /* SongSettingsViewController.swift */,
				36E70C1519A907AE00DB306D /* SongSettings.storyboard */,
				363B9118198314DB00E09133 /* ChordsViewController.swift */,
				363B911C198314FD00E09133 /* ChordsViewController.storyboard */,
				363B911A198314F200E09133 /* SingleChordViewController.swift */,
				363B911E1983150700E09133 /* SingleChordViewController.storyboard */,
			);
			path = EditingViewControllers;
			sourceTree = "<group>";
		};
		36ED671C1982DBB6001D5C10 /* MusicGenerator */ = {
			isa = PBXGroup;
			children = (
				36ED671D1982DBF7001D5C10 /* MusicGenerator.swift */,
				36ED671F1982DD07001D5C10 /* SongSection.swift */,
				36ED67251982E1DD001D5C10 /* JukeBox.swift */,
				36266E871A01BA0400AB66D0 /* SongForm.swift */,
			);
			path = MusicGenerator;
			sourceTree = "<group>";
		};
		36ED67221982DE91001D5C10 /* DataCenters */ = {
			isa = PBXGroup;
			children = (
				36ED67231982DE99001D5C10 /* CurrentSongDataCenter.swift */,
				3667CD171A1D820200E8F7A7 /* JazzChordFontTextProvider.swift */,
				3667CD4E1A1EEEFD00E8F7A7 /* MainMenuProvider.swift */,
				3667CD501A1EF0C300E8F7A7 /* RootViewControllerProvider.swift */,
			);
			path = DataCenters;
			sourceTree = "<group>";
		};
		AB973F1F71F79F3B9219E028 /* Pods */ = {
			isa = PBXGroup;
			children = (
				7A13FE0CD42978B43F71D147 /* Pods.debug.xcconfig */,
				95F34653D7487D8CF87862F5 /* Pods.release.xcconfig */,
			);
			name = Pods;
			sourceTree = "<group>";
		};
		CCADC81EA03F42E5804B3290 /* Frameworks */ = {
			isa = PBXGroup;
			children = (
				3667CD531A1EF33100E8F7A7 /* MessageUI.framework */,
				6684E807DFB3424EAB2B204A /* libPods.a */,
			);
			name = Frameworks;
			sourceTree = "<group>";
		};
/* End PBXGroup section */

/* Begin PBXNativeTarget section */
		36ED66801982D535001D5C10 /* Combo */ = {
			isa = PBXNativeTarget;
			buildConfigurationList = 36ED669D1982D535001D5C10 /* Build configuration list for PBXNativeTarget "Combo" */;
			buildPhases = (
				0D334ED316B4481FAD3F7100 /* Check Pods Manifest.lock */,
				36ED667D1982D535001D5C10 /* Sources */,
				36ED667E1982D535001D5C10 /* Frameworks */,
				36ED667F1982D535001D5C10 /* Resources */,
				E4600BF993EB45F8B2D22317 /* Copy Pods Resources */,
				3667CD4C1A1D9CDB00E8F7A7 /* CopyFiles */,
				3667CD811A2272A400E8F7A7 /* ShellScript */,
			);
			buildRules = (
			);
			dependencies = (
				3667CD7D1A2271D400E8F7A7 /* PBXTargetDependency */,
				364E5CA01A093CFE00591789 /* PBXTargetDependency */,
			);
			name = Combo;
			productName = JazzPractice;
			productReference = 36ED66811982D535001D5C10 /* Combo.app */;
			productType = "com.apple.product-type.application";
		};
		36ED66921982D535001D5C10 /* ComboTests */ = {
			isa = PBXNativeTarget;
			buildConfigurationList = 36ED66A01982D535001D5C10 /* Build configuration list for PBXNativeTarget "ComboTests" */;
			buildPhases = (
				36ED668F1982D535001D5C10 /* Sources */,
				36ED66901982D535001D5C10 /* Frameworks */,
				36ED66911982D535001D5C10 /* Resources */,
			);
			buildRules = (
			);
			dependencies = (
				36ED66951982D535001D5C10 /* PBXTargetDependency */,
			);
			name = ComboTests;
			productName = JazzPracticeTests;
			productReference = 36ED66931982D535001D5C10 /* ComboTests.xctest */;
			productType = "com.apple.product-type.bundle.unit-test";
		};
/* End PBXNativeTarget section */

/* Begin PBXProject section */
		36ED66791982D535001D5C10 /* Project object */ = {
			isa = PBXProject;
			attributes = {
				LastUpgradeCheck = 0600;
				ORGANIZATIONNAME = "Peter Livesey";
				TargetAttributes = {
					36ED66801982D535001D5C10 = {
						CreatedOnToolsVersion = 6.0;
					};
					36ED66921982D535001D5C10 = {
						CreatedOnToolsVersion = 6.0;
						TestTargetID = 36ED66801982D535001D5C10;
					};
				};
			};
			buildConfigurationList = 36ED667C1982D535001D5C10 /* Build configuration list for PBXProject "Combo" */;
			compatibilityVersion = "Xcode 3.2";
			developmentRegion = English;
			hasScannedForEncodings = 0;
			knownRegions = (
				en,
				Base,
			);
			mainGroup = 36ED66781982D535001D5C10;
			productRefGroup = 36ED66821982D535001D5C10 /* Products */;
			projectDirPath = "";
			projectReferences = (
				{
					ProductGroup = 3667CD6B1A2271C800E8F7A7 /* Products */;
					ProjectRef = 3667CD6A1A2271C800E8F7A7 /* Armchair.xcodeproj */;
				},
				{
					ProductGroup = 364E5B961A0933AC00591789 /* Products */;
					ProjectRef = 364E5B951A0933AC00591789 /* JazzMusicGenerator.xcodeproj */;
				},
			);
			projectRoot = "";
			targets = (
				36ED66801982D535001D5C10 /* Combo */,
				36ED66921982D535001D5C10 /* ComboTests */,
			);
		};
/* End PBXProject section */

/* Begin PBXReferenceProxy section */
		364E5B9B1A0933AC00591789 /* JazzMusicGenerator.framework */ = {
			isa = PBXReferenceProxy;
			fileType = wrapper.framework;
			path = JazzMusicGenerator.framework;
			remoteRef = 364E5B9A1A0933AC00591789 /* PBXContainerItemProxy */;
			sourceTree = BUILT_PRODUCTS_DIR;
		};
		364E5B9D1A0933AC00591789 /* JazzMusicGeneratorTests.xctest */ = {
			isa = PBXReferenceProxy;
			fileType = wrapper.cfbundle;
			path = JazzMusicGeneratorTests.xctest;
			remoteRef = 364E5B9C1A0933AC00591789 /* PBXContainerItemProxy */;
			sourceTree = BUILT_PRODUCTS_DIR;
		};
		3667CD731A2271C800E8F7A7 /* Armchair.framework */ = {
			isa = PBXReferenceProxy;
			fileType = wrapper.framework;
			path = Armchair.framework;
			remoteRef = 3667CD721A2271C800E8F7A7 /* PBXContainerItemProxy */;
			sourceTree = BUILT_PRODUCTS_DIR;
		};
		3667CD751A2271C800E8F7A7 /* Armchair.framework */ = {
			isa = PBXReferenceProxy;
			fileType = wrapper.framework;
			path = Armchair.framework;
			remoteRef = 3667CD741A2271C800E8F7A7 /* PBXContainerItemProxy */;
			sourceTree = BUILT_PRODUCTS_DIR;
		};
		3667CD771A2271C800E8F7A7 /* Armchair.bundle */ = {
			isa = PBXReferenceProxy;
			fileType = wrapper.cfbundle;
			path = Armchair.bundle;
			remoteRef = 3667CD761A2271C800E8F7A7 /* PBXContainerItemProxy */;
			sourceTree = BUILT_PRODUCTS_DIR;
		};
		3667CD791A2271C800E8F7A7 /* Armchair.bundle */ = {
			isa = PBXReferenceProxy;
			fileType = wrapper.cfbundle;
			path = Armchair.bundle;
			remoteRef = 3667CD781A2271C800E8F7A7 /* PBXContainerItemProxy */;
			sourceTree = BUILT_PRODUCTS_DIR;
		};
		3667CD7B1A2271C800E8F7A7 /* ArmchairTests.xctest */ = {
			isa = PBXReferenceProxy;
			fileType = wrapper.cfbundle;
			path = ArmchairTests.xctest;
			remoteRef = 3667CD7A1A2271C800E8F7A7 /* PBXContainerItemProxy */;
			sourceTree = BUILT_PRODUCTS_DIR;
		};
/* End PBXReferenceProxy section */

/* Begin PBXResourcesBuildPhase section */
		36ED667F1982D535001D5C10 /* Resources */ = {
			isa = PBXResourcesBuildPhase;
			buildActionMask = 2147483647;
			files = (
				363B911D198314FE00E09133 /* ChordsViewController.storyboard in Resources */,
				3667CD391A1D987A00E8F7A7 /* drums.sf2 in Resources */,
				3667CD4B1A1D99E100E8F7A7 /* trombone.sf2 in Resources */,
				362A84641A143C4F00A41EE0 /* ChordSectionHeader.xib in Resources */,
				36ED668E1982D535001D5C10 /* Images.xcassets in Resources */,
				3667CD601A1EF92200E8F7A7 /* OnboardingViewController.xib in Resources */,
				3667CD591A1EF73E00E8F7A7 /* GenericScrollViewController.xib in Resources */,
				363B91131982F51100E09133 /* ChordCell.xib in Resources */,
				3667CD641A1EFC9800E8F7A7 /* AlgorithmViewController.xib in Resources */,
				3667CD3E1A1D987A00E8F7A7 /* Piano.sf2 in Resources */,
				3667CD3F1A1D987A00E8F7A7 /* sax.sf2 in Resources */,
				3667CD3C1A1D987A00E8F7A7 /* jazzGuitar.sf2 in Resources */,
				36ED66B01982DA26001D5C10 /* SectionsCollectionViewController.storyboard in Resources */,
				36E70C1219A6C70C00DB306D /* NewSongGenerator.storyboard in Resources */,
				3667CD3A1A1D987A00E8F7A7 /* jazz.ttf in Resources */,
				363B91101982F47600E09133 /* SheetMusicViewController.storyboard in Resources */,
				3667CD3B1A1D987A00E8F7A7 /* jazzBass.sf2 in Resources */,
				36E70C1619A907AE00DB306D /* SongSettings.storyboard in Resources */,
				363B911F1983150700E09133 /* SingleChordViewController.storyboard in Resources */,
			);
			runOnlyForDeploymentPostprocessing = 0;
		};
		36ED66911982D535001D5C10 /* Resources */ = {
			isa = PBXResourcesBuildPhase;
			buildActionMask = 2147483647;
			files = (
			);
			runOnlyForDeploymentPostprocessing = 0;
		};
/* End PBXResourcesBuildPhase section */

/* Begin PBXShellScriptBuildPhase section */
		0D334ED316B4481FAD3F7100 /* Check Pods Manifest.lock */ = {
			isa = PBXShellScriptBuildPhase;
			buildActionMask = 2147483647;
			files = (
			);
			inputPaths = (
			);
			name = "Check Pods Manifest.lock";
			outputPaths = (
			);
			runOnlyForDeploymentPostprocessing = 0;
			shellPath = /bin/sh;
			shellScript = "diff \"${PODS_ROOT}/../Podfile.lock\" \"${PODS_ROOT}/Manifest.lock\" > /dev/null\nif [[ $? != 0 ]] ; then\n    cat << EOM\nerror: The sandbox is not in sync with the Podfile.lock. Run 'pod install' or update your CocoaPods installation.\nEOM\n    exit 1\nfi\n";
			showEnvVarsInLog = 0;
		};
		3667CD811A2272A400E8F7A7 /* ShellScript */ = {
			isa = PBXShellScriptBuildPhase;
			buildActionMask = 2147483647;
			files = (
			);
			inputPaths = (
			);
			outputPaths = (
			);
			runOnlyForDeploymentPostprocessing = 0;
			shellPath = /bin/sh;
			shellScript = "./Pods/CrashlyticsFramework/Crashlytics.framework/run a2525f75879917ec4cffeeb16345f5aa9bbbeaeb 6d415a6edaa74a4699f80f3ce5b6fa514da118e04c5e517c305fdeec761f1910";
		};
		E4600BF993EB45F8B2D22317 /* Copy Pods Resources */ = {
			isa = PBXShellScriptBuildPhase;
			buildActionMask = 2147483647;
			files = (
			);
			inputPaths = (
			);
			name = "Copy Pods Resources";
			outputPaths = (
			);
			runOnlyForDeploymentPostprocessing = 0;
			shellPath = /bin/sh;
			shellScript = "\"${SRCROOT}/Pods/Target Support Files/Pods/Pods-resources.sh\"\n";
			showEnvVarsInLog = 0;
		};
/* End PBXShellScriptBuildPhase section */

/* Begin PBXSourcesBuildPhase section */
		36ED667D1982D535001D5C10 /* Sources */ = {
			isa = PBXSourcesBuildPhase;
			buildActionMask = 2147483647;
			files = (
				3667CD181A1D820200E8F7A7 /* JazzChordFontTextProvider.swift in Sources */,
				36ED67201982DD07001D5C10 /* SongSection.swift in Sources */,
				36ED66AB1982D6FD001D5C10 /* AppDelegate.swift in Sources */,
				36ED67261982E1DD001D5C10 /* JukeBox.swift in Sources */,
				3667CD631A1EFC9800E8F7A7 /* AlgorithmViewController.swift in Sources */,
				3667CD571A1EF72F00E8F7A7 /* GenericScrollViewController.swift in Sources */,
				363B910E1982F46B00E09133 /* SheetMusicViewController.swift in Sources */,
				36266E881A01BA0400AB66D0 /* SongForm.swift in Sources */,
				3667CD5F1A1EF92200E8F7A7 /* OnboardingViewController.swift in Sources */,
				363B9119198314DB00E09133 /* ChordsViewController.swift in Sources */,
				362A84671A143D9C00A41EE0 /* ChordSectionHeader.swift in Sources */,
				36E70C1919A907E400DB306D /* UIUtils.swift in Sources */,
				36E70C1419A907A300DB306D /* SongSettingsViewController.swift in Sources */,
				36ED66AE1982D9D3001D5C10 /* SectionsCollectionViewController.swift in Sources */,
				363B91151982F61100E09133 /* ChordCell.swift in Sources */,
				3667CD511A1EF0C300E8F7A7 /* RootViewControllerProvider.swift in Sources */,
				36ED671E1982DBF7001D5C10 /* MusicGenerator.swift in Sources */,
				363B911B198314F200E09133 /* SingleChordViewController.swift in Sources */,
				3667CD4F1A1EEEFD00E8F7A7 /* MainMenuProvider.swift in Sources */,
				36E70C1019A6C6FC00DB306D /* NewSongGeneratorViewController.swift in Sources */,
				36ED67241982DE99001D5C10 /* CurrentSongDataCenter.swift in Sources */,
			);
			runOnlyForDeploymentPostprocessing = 0;
		};
		36ED668F1982D535001D5C10 /* Sources */ = {
			isa = PBXSourcesBuildPhase;
			buildActionMask = 2147483647;
			files = (
				36ED669A1982D535001D5C10 /* JazzPracticeTests.swift in Sources */,
			);
			runOnlyForDeploymentPostprocessing = 0;
		};
/* End PBXSourcesBuildPhase section */

/* Begin PBXTargetDependency section */
		364E5CA01A093CFE00591789 /* PBXTargetDependency */ = {
			isa = PBXTargetDependency;
			name = JazzMusicGenerator;
			targetProxy = 364E5C9F1A093CFE00591789 /* PBXContainerItemProxy */;
		};
		3667CD7D1A2271D400E8F7A7 /* PBXTargetDependency */ = {
			isa = PBXTargetDependency;
			name = Armchair;
			targetProxy = 3667CD7C1A2271D400E8F7A7 /* PBXContainerItemProxy */;
		};
		36ED66951982D535001D5C10 /* PBXTargetDependency */ = {
			isa = PBXTargetDependency;
			target = 36ED66801982D535001D5C10 /* Combo */;
			targetProxy = 36ED66941982D535001D5C10 /* PBXContainerItemProxy */;
		};
/* End PBXTargetDependency section */

/* Begin XCBuildConfiguration section */
		36ED669B1982D535001D5C10 /* Debug */ = {
			isa = XCBuildConfiguration;
			buildSettings = {
				ALWAYS_SEARCH_USER_PATHS = NO;
				CLANG_CXX_LANGUAGE_STANDARD = "gnu++0x";
				CLANG_CXX_LIBRARY = "libc++";
				CLANG_ENABLE_MODULES = YES;
				CLANG_ENABLE_OBJC_ARC = YES;
				CLANG_WARN_BOOL_CONVERSION = YES;
				CLANG_WARN_CONSTANT_CONVERSION = YES;
				CLANG_WARN_DIRECT_OBJC_ISA_USAGE = YES_ERROR;
				CLANG_WARN_EMPTY_BODY = YES;
				CLANG_WARN_ENUM_CONVERSION = YES;
				CLANG_WARN_INT_CONVERSION = YES;
				CLANG_WARN_OBJC_ROOT_CLASS = YES_ERROR;
				CLANG_WARN_UNREACHABLE_CODE = YES;
				CLANG_WARN__DUPLICATE_METHOD_MATCH = YES;
				"CODE_SIGN_IDENTITY[sdk=iphoneos*]" = "iPhone Developer";
				COPY_PHASE_STRIP = NO;
				ENABLE_STRICT_OBJC_MSGSEND = YES;
				GCC_C_LANGUAGE_STANDARD = gnu99;
				GCC_DYNAMIC_NO_PIC = NO;
				GCC_OPTIMIZATION_LEVEL = 0;
				GCC_PREPROCESSOR_DEFINITIONS = (
					"DEBUG=1",
					"$(inherited)",
				);
				GCC_SYMBOLS_PRIVATE_EXTERN = NO;
				GCC_WARN_64_TO_32_BIT_CONVERSION = YES;
				GCC_WARN_ABOUT_RETURN_TYPE = YES_ERROR;
				GCC_WARN_UNDECLARED_SELECTOR = YES;
				GCC_WARN_UNINITIALIZED_AUTOS = YES_AGGRESSIVE;
				GCC_WARN_UNUSED_FUNCTION = YES;
				GCC_WARN_UNUSED_VARIABLE = YES;
				IPHONEOS_DEPLOYMENT_TARGET = 8.0;
				MTL_ENABLE_DEBUG_INFO = YES;
				ONLY_ACTIVE_ARCH = YES;
				SDKROOT = iphoneos;
				SWIFT_OPTIMIZATION_LEVEL = "-Onone";
				TARGETED_DEVICE_FAMILY = "1,2";
			};
			name = Debug;
		};
		36ED669C1982D535001D5C10 /* Release */ = {
			isa = XCBuildConfiguration;
			buildSettings = {
				ALWAYS_SEARCH_USER_PATHS = NO;
				CLANG_CXX_LANGUAGE_STANDARD = "gnu++0x";
				CLANG_CXX_LIBRARY = "libc++";
				CLANG_ENABLE_MODULES = YES;
				CLANG_ENABLE_OBJC_ARC = YES;
				CLANG_WARN_BOOL_CONVERSION = YES;
				CLANG_WARN_CONSTANT_CONVERSION = YES;
				CLANG_WARN_DIRECT_OBJC_ISA_USAGE = YES_ERROR;
				CLANG_WARN_EMPTY_BODY = YES;
				CLANG_WARN_ENUM_CONVERSION = YES;
				CLANG_WARN_INT_CONVERSION = YES;
				CLANG_WARN_OBJC_ROOT_CLASS = YES_ERROR;
				CLANG_WARN_UNREACHABLE_CODE = YES;
				CLANG_WARN__DUPLICATE_METHOD_MATCH = YES;
				"CODE_SIGN_IDENTITY[sdk=iphoneos*]" = "iPhone Developer";
				COPY_PHASE_STRIP = YES;
				ENABLE_NS_ASSERTIONS = NO;
				ENABLE_STRICT_OBJC_MSGSEND = YES;
				GCC_C_LANGUAGE_STANDARD = gnu99;
				GCC_WARN_64_TO_32_BIT_CONVERSION = YES;
				GCC_WARN_ABOUT_RETURN_TYPE = YES_ERROR;
				GCC_WARN_UNDECLARED_SELECTOR = YES;
				GCC_WARN_UNINITIALIZED_AUTOS = YES_AGGRESSIVE;
				GCC_WARN_UNUSED_FUNCTION = YES;
				GCC_WARN_UNUSED_VARIABLE = YES;
				IPHONEOS_DEPLOYMENT_TARGET = 8.0;
				MTL_ENABLE_DEBUG_INFO = NO;
				SDKROOT = iphoneos;
				TARGETED_DEVICE_FAMILY = "1,2";
				VALIDATE_PRODUCT = YES;
			};
			name = Release;
		};
		36ED669E1982D535001D5C10 /* Debug */ = {
			isa = XCBuildConfiguration;
			baseConfigurationReference = 7A13FE0CD42978B43F71D147 /* Pods.debug.xcconfig */;
			buildSettings = {
				ASSETCATALOG_COMPILER_APPICON_NAME = AppIcon;
				ASSETCATALOG_COMPILER_LAUNCHIMAGE_NAME = LaunchImage;
				FRAMEWORK_SEARCH_PATHS = (
					"$(inherited)",
					"$(PROJECT_DIR)/JazzPractice/Source/Utils",
				);
				INFOPLIST_FILE = JazzPractice/Info.plist;
				LD_RUNPATH_SEARCH_PATHS = "$(inherited) @executable_path/Frameworks";
				LIBRARY_SEARCH_PATHS = "~/Repo/TestAudio/**";
				PRODUCT_NAME = Combo;
			};
			name = Debug;
		};
		36ED669F1982D535001D5C10 /* Release */ = {
			isa = XCBuildConfiguration;
			baseConfigurationReference = 95F34653D7487D8CF87862F5 /* Pods.release.xcconfig */;
			buildSettings = {
				ASSETCATALOG_COMPILER_APPICON_NAME = AppIcon;
				ASSETCATALOG_COMPILER_LAUNCHIMAGE_NAME = LaunchImage;
				FRAMEWORK_SEARCH_PATHS = (
					"$(inherited)",
					"$(PROJECT_DIR)/JazzPractice/Source/Utils",
				);
				INFOPLIST_FILE = JazzPractice/Info.plist;
				LD_RUNPATH_SEARCH_PATHS = "$(inherited) @executable_path/Frameworks";
				LIBRARY_SEARCH_PATHS = "~/Repo/TestAudio/**";
				PRODUCT_NAME = Combo;
			};
			name = Release;
		};
		36ED66A11982D535001D5C10 /* Debug */ = {
			isa = XCBuildConfiguration;
			buildSettings = {
				BUNDLE_LOADER = "$(BUILT_PRODUCTS_DIR)/JazzPractice.app/JazzPractice";
				CLANG_ENABLE_MODULES = YES;
				FRAMEWORK_SEARCH_PATHS = (
					"$(SDKROOT)/Developer/Library/Frameworks",
					"$(inherited)",
				);
				GCC_PREPROCESSOR_DEFINITIONS = (
					"DEBUG=1",
					"$(inherited)",
				);
				INFOPLIST_FILE = JazzPracticeTests/Info.plist;
				LD_RUNPATH_SEARCH_PATHS = "$(inherited) @executable_path/Frameworks @loader_path/Frameworks";
				PRODUCT_NAME = ComboTests;
				SWIFT_OBJC_BRIDGING_HEADER = "JazzPractice/Source/AppDelegate/JazzPracticeTests-Bridging-Header.h";
				SWIFT_OPTIMIZATION_LEVEL = "-Onone";
				TEST_HOST = "$(BUNDLE_LOADER)";
			};
			name = Debug;
		};
		36ED66A21982D535001D5C10 /* Release */ = {
			isa = XCBuildConfiguration;
			buildSettings = {
				BUNDLE_LOADER = "$(BUILT_PRODUCTS_DIR)/JazzPractice.app/JazzPractice";
				CLANG_ENABLE_MODULES = YES;
				FRAMEWORK_SEARCH_PATHS = (
					"$(SDKROOT)/Developer/Library/Frameworks",
					"$(inherited)",
				);
				INFOPLIST_FILE = JazzPracticeTests/Info.plist;
				LD_RUNPATH_SEARCH_PATHS = "$(inherited) @executable_path/Frameworks @loader_path/Frameworks";
				PRODUCT_NAME = ComboTests;
				SWIFT_OBJC_BRIDGING_HEADER = "JazzPractice/Source/AppDelegate/JazzPracticeTests-Bridging-Header.h";
				TEST_HOST = "$(BUNDLE_LOADER)";
			};
			name = Release;
		};
/* End XCBuildConfiguration section */

/* Begin XCConfigurationList section */
		36ED667C1982D535001D5C10 /* Build configuration list for PBXProject "Combo" */ = {
			isa = XCConfigurationList;
			buildConfigurations = (
				36ED669B1982D535001D5C10 /* Debug */,
				36ED669C1982D535001D5C10 /* Release */,
			);
			defaultConfigurationIsVisible = 0;
			defaultConfigurationName = Release;
		};
		36ED669D1982D535001D5C10 /* Build configuration list for PBXNativeTarget "Combo" */ = {
			isa = XCConfigurationList;
			buildConfigurations = (
				36ED669E1982D535001D5C10 /* Debug */,
				36ED669F1982D535001D5C10 /* Release */,
			);
			defaultConfigurationIsVisible = 0;
			defaultConfigurationName = Release;
		};
		36ED66A01982D535001D5C10 /* Build configuration list for PBXNativeTarget "ComboTests" */ = {
			isa = XCConfigurationList;
			buildConfigurations = (
				36ED66A11982D535001D5C10 /* Debug */,
				36ED66A21982D535001D5C10 /* Release */,
			);
			defaultConfigurationIsVisible = 0;
			defaultConfigurationName = Release;
		};
/* End XCConfigurationList section */
	};
	rootObject = 36ED66791982D535001D5C10 /* Project object */;
}
