// !$*UTF8*$!
{
	archiveVersion = 1;
	classes = {
	};
	objectVersion = 46;
	objects = {

/* Begin PBXBuildFile section */
		36ED66871982D535001D5C10 /* AppDelegate.swift in Sources */ = {isa = PBXBuildFile; fileRef = 36ED66861982D535001D5C10 /* AppDelegate.swift */; };
		36ED66891982D535001D5C10 /* ViewController.swift in Sources */ = {isa = PBXBuildFile; fileRef = 36ED66881982D535001D5C10 /* ViewController.swift */; };
		36ED668C1982D535001D5C10 /* Main.storyboard in Resources */ = {isa = PBXBuildFile; fileRef = 36ED668A1982D535001D5C10 /* Main.storyboard */; };
		36ED668E1982D535001D5C10 /* Images.xcassets in Resources */ = {isa = PBXBuildFile; fileRef = 36ED668D1982D535001D5C10 /* Images.xcassets */; };
		36ED669A1982D535001D5C10 /* JazzPracticeTests.swift in Sources */ = {isa = PBXBuildFile; fileRef = 36ED66991982D535001D5C10 /* JazzPracticeTests.swift */; };
/* End PBXBuildFile section */

/* Begin PBXContainerItemProxy section */
		36ED66941982D535001D5C10 /* PBXContainerItemProxy */ = {
			isa = PBXContainerItemProxy;
			containerPortal = 36ED66791982D535001D5C10 /* Project object */;
			proxyType = 1;
			remoteGlobalIDString = 36ED66801982D535001D5C10;
			remoteInfo = JazzPractice;
		};
/* End PBXContainerItemProxy section */

/* Begin PBXFileReference section */
		36ED66811982D535001D5C10 /* JazzPractice.app */ = {isa = PBXFileReference; explicitFileType = wrapper.application; includeInIndex = 0; path = JazzPractice.app; sourceTree = BUILT_PRODUCTS_DIR; };
		36ED66851982D535001D5C10 /* Info.plist */ = {isa = PBXFileReference; lastKnownFileType = text.plist.xml; path = Info.plist; sourceTree = "<group>"; };
		36ED66861982D535001D5C10 /* AppDelegate.swift */ = {isa = PBXFileReference; lastKnownFileType = sourcecode.swift; path = AppDelegate.swift; sourceTree = "<group>"; };
		36ED66881982D535001D5C10 /* ViewController.swift */ = {isa = PBXFileReference; lastKnownFileType = sourcecode.swift; path = ViewController.swift; sourceTree = "<group>"; };
		36ED668B1982D535001D5C10 /* Base */ = {isa = PBXFileReference; lastKnownFileType = file.storyboard; name = Base; path = Base.lproj/Main.storyboard; sourceTree = "<group>"; };
		36ED668D1982D535001D5C10 /* Images.xcassets */ = {isa = PBXFileReference; lastKnownFileType = folder.assetcatalog; path = Images.xcassets; sourceTree = "<group>"; };
		36ED66931982D535001D5C10 /* JazzPracticeTests.xctest */ = {isa = PBXFileReference; explicitFileType = wrapper.cfbundle; includeInIndex = 0; path = JazzPracticeTests.xctest; sourceTree = BUILT_PRODUCTS_DIR; };
		36ED66981982D535001D5C10 /* Info.plist */ = {isa = PBXFileReference; lastKnownFileType = text.plist.xml; path = Info.plist; sourceTree = "<group>"; };
		36ED66991982D535001D5C10 /* JazzPracticeTests.swift */ = {isa = PBXFileReference; lastKnownFileType = sourcecode.swift; path = JazzPracticeTests.swift; sourceTree = "<group>"; };
/* End PBXFileReference section */

/* Begin PBXFrameworksBuildPhase section */
		36ED667E1982D535001D5C10 /* Frameworks */ = {
			isa = PBXFrameworksBuildPhase;
			buildActionMask = 2147483647;
			files = (
			);
			runOnlyForDeploymentPostprocessing = 0;
		};
		36ED66901982D535001D5C10 /* Frameworks */ = {
			isa = PBXFrameworksBuildPhase;
			buildActionMask = 2147483647;
			files = (
			);
			runOnlyForDeploymentPostprocessing = 0;
		};
/* End PBXFrameworksBuildPhase section */

/* Begin PBXGroup section */
		36ED66781982D535001D5C10 = {
			isa = PBXGroup;
			children = (
				36ED66831982D535001D5C10 /* JazzPractice */,
				36ED66961982D535001D5C10 /* JazzPracticeTests */,
				36ED66821982D535001D5C10 /* Products */,
			);
			sourceTree = "<group>";
		};
		36ED66821982D535001D5C10 /* Products */ = {
			isa = PBXGroup;
			children = (
				36ED66811982D535001D5C10 /* JazzPractice.app */,
				36ED66931982D535001D5C10 /* JazzPracticeTests.xctest */,
			);
			name = Products;
			sourceTree = "<group>";
		};
		36ED66831982D535001D5C10 /* JazzPractice */ = {
			isa = PBXGroup;
			children = (
				36ED66861982D535001D5C10 /* AppDelegate.swift */,
				36ED66881982D535001D5C10 /* ViewController.swift */,
				36ED668A1982D535001D5C10 /* Main.storyboard */,
				36ED668D1982D535001D5C10 /* Images.xcassets */,
				36ED66841982D535001D5C10 /* Supporting Files */,
			);
			path = JazzPractice;
			sourceTree = "<group>";
		};
		36ED66841982D535001D5C10 /* Supporting Files */ = {
			isa = PBXGroup;
			children = (
				36ED66851982D535001D5C10 /* Info.plist */,
			);
			name = "Supporting Files";
			sourceTree = "<group>";
		};
		36ED66961982D535001D5C10 /* JazzPracticeTests */ = {
			isa = PBXGroup;
			children = (
				36ED66991982D535001D5C10 /* JazzPracticeTests.swift */,
				36ED66971982D535001D5C10 /* Supporting Files */,
			);
			path = JazzPracticeTests;
			sourceTree = "<group>";
		};
		36ED66971982D535001D5C10 /* Supporting Files */ = {
			isa = PBXGroup;
			children = (
				36ED66981982D535001D5C10 /* Info.plist */,
			);
			name = "Supporting Files";
			sourceTree = "<group>";
		};
/* End PBXGroup section */

/* Begin PBXNativeTarget section */
		36ED66801982D535001D5C10 /* JazzPractice */ = {
			isa = PBXNativeTarget;
			buildConfigurationList = 36ED669D1982D535001D5C10 /* Build configuration list for PBXNativeTarget "JazzPractice" */;
			buildPhases = (
				36ED667D1982D535001D5C10 /* Sources */,
				36ED667E1982D535001D5C10 /* Frameworks */,
				36ED667F1982D535001D5C10 /* Resources */,
			);
			buildRules = (
			);
			dependencies = (
			);
			name = JazzPractice;
			productName = JazzPractice;
			productReference = 36ED66811982D535001D5C10 /* JazzPractice.app */;
			productType = "com.apple.product-type.application";
		};
		36ED66921982D535001D5C10 /* JazzPracticeTests */ = {
			isa = PBXNativeTarget;
			buildConfigurationList = 36ED66A01982D535001D5C10 /* Build configuration list for PBXNativeTarget "JazzPracticeTests" */;
			buildPhases = (
				36ED668F1982D535001D5C10 /* Sources */,
				36ED66901982D535001D5C10 /* Frameworks */,
				36ED66911982D535001D5C10 /* Resources */,
			);
			buildRules = (
			);
			dependencies = (
				36ED66951982D535001D5C10 /* PBXTargetDependency */,
			);
			name = JazzPracticeTests;
			productName = JazzPracticeTests;
			productReference = 36ED66931982D535001D5C10 /* JazzPracticeTests.xctest */;
			productType = "com.apple.product-type.bundle.unit-test";
		};
/* End PBXNativeTarget section */

/* Begin PBXProject section */
		36ED66791982D535001D5C10 /* Project object */ = {
			isa = PBXProject;
			attributes = {
				LastUpgradeCheck = 0600;
				ORGANIZATIONNAME = "Peter Livesey";
				TargetAttributes = {
					36ED66801982D535001D5C10 = {
						CreatedOnToolsVersion = 6.0;
					};
					36ED66921982D535001D5C10 = {
						CreatedOnToolsVersion = 6.0;
						TestTargetID = 36ED66801982D535001D5C10;
					};
				};
			};
			buildConfigurationList = 36ED667C1982D535001D5C10 /* Build configuration list for PBXProject "JazzPractice" */;
			compatibilityVersion = "Xcode 3.2";
			developmentRegion = English;
			hasScannedForEncodings = 0;
			knownRegions = (
				en,
				Base,
			);
			mainGroup = 36ED66781982D535001D5C10;
			productRefGroup = 36ED66821982D535001D5C10 /* Products */;
			projectDirPath = "";
			projectRoot = "";
			targets = (
				36ED66801982D535001D5C10 /* JazzPractice */,
				36ED66921982D535001D5C10 /* JazzPracticeTests */,
			);
		};
/* End PBXProject section */

/* Begin PBXResourcesBuildPhase section */
		36ED667F1982D535001D5C10 /* Resources */ = {
			isa = PBXResourcesBuildPhase;
			buildActionMask = 2147483647;
			files = (
				36ED668C1982D535001D5C10 /* Main.storyboard in Resources */,
				36ED668E1982D535001D5C10 /* Images.xcassets in Resources */,
			);
			runOnlyForDeploymentPostprocessing = 0;
		};
		36ED66911982D535001D5C10 /* Resources */ = {
			isa = PBXResourcesBuildPhase;
			buildActionMask = 2147483647;
			files = (
			);
			runOnlyForDeploymentPostprocessing = 0;
		};
/* End PBXResourcesBuildPhase section */

/* Begin PBXSourcesBuildPhase section */
		36ED667D1982D535001D5C10 /* Sources */ = {
			isa = PBXSourcesBuildPhase;
			buildActionMask = 2147483647;
			files = (
				36ED66891982D535001D5C10 /* ViewController.swift in Sources */,
				36ED66871982D535001D5C10 /* AppDelegate.swift in Sources */,
			);
			runOnlyForDeploymentPostprocessing = 0;
		};
		36ED668F1982D535001D5C10 /* Sources */ = {
			isa = PBXSourcesBuildPhase;
			buildActionMask = 2147483647;
			files = (
				36ED669A1982D535001D5C10 /* JazzPracticeTests.swift in Sources */,
			);
			runOnlyForDeploymentPostprocessing = 0;
		};
/* End PBXSourcesBuildPhase section */

/* Begin PBXTargetDependency section */
		36ED66951982D535001D5C10 /* PBXTargetDependency */ = {
			isa = PBXTargetDependency;
			target = 36ED66801982D535001D5C10 /* JazzPractice */;
			targetProxy = 36ED66941982D535001D5C10 /* PBXContainerItemProxy */;
		};
/* End PBXTargetDependency section */

/* Begin PBXVariantGroup section */
		36ED668A1982D535001D5C10 /* Main.storyboard */ = {
			isa = PBXVariantGroup;
			children = (
				36ED668B1982D535001D5C10 /* Base */,
			);
			name = Main.storyboard;
			sourceTree = "<group>";
		};
/* End PBXVariantGroup section */

/* Begin XCBuildConfiguration section */
		36ED669B1982D535001D5C10 /* Debug */ = {
			isa = XCBuildConfiguration;
			buildSettings = {
				ALWAYS_SEARCH_USER_PATHS = NO;
				CLANG_CXX_LANGUAGE_STANDARD = "gnu++0x";
				CLANG_CXX_LIBRARY = "libc++";
				CLANG_ENABLE_MODULES = YES;
				CLANG_ENABLE_OBJC_ARC = YES;
				CLANG_WARN_BOOL_CONVERSION = YES;
				CLANG_WARN_CONSTANT_CONVERSION = YES;
				CLANG_WARN_DIRECT_OBJC_ISA_USAGE = YES_ERROR;
				CLANG_WARN_EMPTY_BODY = YES;
				CLANG_WARN_ENUM_CONVERSION = YES;
				CLANG_WARN_INT_CONVERSION = YES;
				CLANG_WARN_OBJC_ROOT_CLASS = YES_ERROR;
				CLANG_WARN_UNREACHABLE_CODE = YES;
				CLANG_WARN__DUPLICATE_METHOD_MATCH = YES;
				"CODE_SIGN_IDENTITY[sdk=iphoneos*]" = "iPhone Developer";
				COPY_PHASE_STRIP = NO;
				ENABLE_STRICT_OBJC_MSGSEND = YES;
				GCC_C_LANGUAGE_STANDARD = gnu99;
				GCC_DYNAMIC_NO_PIC = NO;
				GCC_OPTIMIZATION_LEVEL = 0;
				GCC_PREPROCESSOR_DEFINITIONS = (
					"DEBUG=1",
					"$(inherited)",
				);
				GCC_SYMBOLS_PRIVATE_EXTERN = NO;
				GCC_WARN_64_TO_32_BIT_CONVERSION = YES;
				GCC_WARN_ABOUT_RETURN_TYPE = YES_ERROR;
				GCC_WARN_UNDECLARED_SELECTOR = YES;
				GCC_WARN_UNINITIALIZED_AUTOS = YES_AGGRESSIVE;
				GCC_WARN_UNUSED_FUNCTION = YES;
				GCC_WARN_UNUSED_VARIABLE = YES;
				IPHONEOS_DEPLOYMENT_TARGET = 8.0;
				MTL_ENABLE_DEBUG_INFO = YES;
				ONLY_ACTIVE_ARCH = YES;
				SDKROOT = iphoneos;
				SWIFT_OPTIMIZATION_LEVEL = "-Onone";
				TARGETED_DEVICE_FAMILY = "1,2";
			};
			name = Debug;
		};
		36ED669C1982D535001D5C10 /* Release */ = {
			isa = XCBuildConfiguration;
			buildSettings = {
				ALWAYS_SEARCH_USER_PATHS = NO;
				CLANG_CXX_LANGUAGE_STANDARD = "gnu++0x";
				CLANG_CXX_LIBRARY = "libc++";
				CLANG_ENABLE_MODULES = YES;
				CLANG_ENABLE_OBJC_ARC = YES;
				CLANG_WARN_BOOL_CONVERSION = YES;
				CLANG_WARN_CONSTANT_CONVERSION = YES;
				CLANG_WARN_DIRECT_OBJC_ISA_USAGE = YES_ERROR;
				CLANG_WARN_EMPTY_BODY = YES;
				CLANG_WARN_ENUM_CONVERSION = YES;
				CLANG_WARN_INT_CONVERSION = YES;
				CLANG_WARN_OBJC_ROOT_CLASS = YES_ERROR;
				CLANG_WARN_UNREACHABLE_CODE = YES;
				CLANG_WARN__DUPLICATE_METHOD_MATCH = YES;
				"CODE_SIGN_IDENTITY[sdk=iphoneos*]" = "iPhone Developer";
				COPY_PHASE_STRIP = YES;
				ENABLE_NS_ASSERTIONS = NO;
				ENABLE_STRICT_OBJC_MSGSEND = YES;
				GCC_C_LANGUAGE_STANDARD = gnu99;
				GCC_WARN_64_TO_32_BIT_CONVERSION = YES;
				GCC_WARN_ABOUT_RETURN_TYPE = YES_ERROR;
				GCC_WARN_UNDECLARED_SELECTOR = YES;
				GCC_WARN_UNINITIALIZED_AUTOS = YES_AGGRESSIVE;
				GCC_WARN_UNUSED_FUNCTION = YES;
				GCC_WARN_UNUSED_VARIABLE = YES;
				IPHONEOS_DEPLOYMENT_TARGET = 8.0;
				MTL_ENABLE_DEBUG_INFO = NO;
				SDKROOT = iphoneos;
				TARGETED_DEVICE_FAMILY = "1,2";
				VALIDATE_PRODUCT = YES;
			};
			name = Release;
		};
		36ED669E1982D535001D5C10 /* Debug */ = {
			isa = XCBuildConfiguration;
			buildSettings = {
				ASSETCATALOG_COMPILER_APPICON_NAME = AppIcon;
				ASSETCATALOG_COMPILER_LAUNCHIMAGE_NAME = LaunchImage;
				INFOPLIST_FILE = JazzPractice/Info.plist;
				LD_RUNPATH_SEARCH_PATHS = "$(inherited) @executable_path/Frameworks";
				PRODUCT_NAME = "$(TARGET_NAME)";
			};
			name = Debug;
		};
		36ED669F1982D535001D5C10 /* Release */ = {
			isa = XCBuildConfiguration;
			buildSettings = {
				ASSETCATALOG_COMPILER_APPICON_NAME = AppIcon;
				ASSETCATALOG_COMPILER_LAUNCHIMAGE_NAME = LaunchImage;
				INFOPLIST_FILE = JazzPractice/Info.plist;
				LD_RUNPATH_SEARCH_PATHS = "$(inherited) @executable_path/Frameworks";
				PRODUCT_NAME = "$(TARGET_NAME)";
			};
			name = Release;
		};
		36ED66A11982D535001D5C10 /* Debug */ = {
			isa = XCBuildConfiguration;
			buildSettings = {
				BUNDLE_LOADER = "$(BUILT_PRODUCTS_DIR)/JazzPractice.app/JazzPractice";
				FRAMEWORK_SEARCH_PATHS = (
					"$(SDKROOT)/Developer/Library/Frameworks",
					"$(inherited)",
				);
				GCC_PREPROCESSOR_DEFINITIONS = (
					"DEBUG=1",
					"$(inherited)",
				);
				INFOPLIST_FILE = JazzPracticeTests/Info.plist;
				LD_RUNPATH_SEARCH_PATHS = "$(inherited) @executable_path/Frameworks @loader_path/Frameworks";
				PRODUCT_NAME = "$(TARGET_NAME)";
				TEST_HOST = "$(BUNDLE_LOADER)";
			};
			name = Debug;
		};
		36ED66A21982D535001D5C10 /* Release */ = {
			isa = XCBuildConfiguration;
			buildSettings = {
				BUNDLE_LOADER = "$(BUILT_PRODUCTS_DIR)/JazzPractice.app/JazzPractice";
				FRAMEWORK_SEARCH_PATHS = (
					"$(SDKROOT)/Developer/Library/Frameworks",
					"$(inherited)",
				);
				INFOPLIST_FILE = JazzPracticeTests/Info.plist;
				LD_RUNPATH_SEARCH_PATHS = "$(inherited) @executable_path/Frameworks @loader_path/Frameworks";
				PRODUCT_NAME = "$(TARGET_NAME)";
				TEST_HOST = "$(BUNDLE_LOADER)";
			};
			name = Release;
		};
/* End XCBuildConfiguration section */

/* Begin XCConfigurationList section */
		36ED667C1982D535001D5C10 /* Build configuration list for PBXProject "JazzPractice" */ = {
			isa = XCConfigurationList;
			buildConfigurations = (
				36ED669B1982D535001D5C10 /* Debug */,
				36ED669C1982D535001D5C10 /* Release */,
			);
			defaultConfigurationIsVisible = 0;
			defaultConfigurationName = Release;
		};
		36ED669D1982D535001D5C10 /* Build configuration list for PBXNativeTarget "JazzPractice" */ = {
			isa = XCConfigurationList;
			buildConfigurations = (
				36ED669E1982D535001D5C10 /* Debug */,
				36ED669F1982D535001D5C10 /* Release */,
			);
			defaultConfigurationIsVisible = 0;
		};
		36ED66A01982D535001D5C10 /* Build configuration list for PBXNativeTarget "JazzPracticeTests" */ = {
			isa = XCConfigurationList;
			buildConfigurations = (
				36ED66A11982D535001D5C10 /* Debug */,
				36ED66A21982D535001D5C10 /* Release */,
			);
			defaultConfigurationIsVisible = 0;
		};
/* End XCConfigurationList section */
	};
	rootObject = 36ED66791982D535001D5C10 /* Project object */;
}
