// !$*UTF8*$!
{
	archiveVersion = 1;
	classes = {
	};
	objectVersion = 46;
	objects = {

/* Begin PBXBuildFile section */
		189A5997881C46C0A31EA7CC /* libPods.a in Frameworks */ = {isa = PBXBuildFile; fileRef = 6684E807DFB3424EAB2B204A /* libPods.a */; };
		36266E881A01BA0400AB66D0 /* SongForm.swift in Sources */ = {isa = PBXBuildFile; fileRef = 36266E871A01BA0400AB66D0 /* SongForm.swift */; };
		363B910E1982F46B00E09133 /* SheetMusicViewController.swift in Sources */ = {isa = PBXBuildFile; fileRef = 363B910D1982F46B00E09133 /* SheetMusicViewController.swift */; };
		363B91101982F47600E09133 /* SheetMusicViewController.storyboard in Resources */ = {isa = PBXBuildFile; fileRef = 363B910F1982F47600E09133 /* SheetMusicViewController.storyboard */; };
		363B91131982F51100E09133 /* ChordCell.xib in Resources */ = {isa = PBXBuildFile; fileRef = 363B91121982F51100E09133 /* ChordCell.xib */; };
		363B91151982F61100E09133 /* ChordCell.swift in Sources */ = {isa = PBXBuildFile; fileRef = 363B91141982F61100E09133 /* ChordCell.swift */; };
		363B9119198314DB00E09133 /* ChordsViewController.swift in Sources */ = {isa = PBXBuildFile; fileRef = 363B9118198314DB00E09133 /* ChordsViewController.swift */; };
		363B911B198314F200E09133 /* SingleChordViewController.swift in Sources */ = {isa = PBXBuildFile; fileRef = 363B911A198314F200E09133 /* SingleChordViewController.swift */; };
		363B911D198314FE00E09133 /* ChordsViewController.storyboard in Resources */ = {isa = PBXBuildFile; fileRef = 363B911C198314FD00E09133 /* ChordsViewController.storyboard */; };
		363B911F1983150700E09133 /* SingleChordViewController.storyboard in Resources */ = {isa = PBXBuildFile; fileRef = 363B911E1983150700E09133 /* SingleChordViewController.storyboard */; };
		3698932D19FDA8CF0070ACFA /* drums.sf2 in Resources */ = {isa = PBXBuildFile; fileRef = 369892E919FDA8CE0070ACFA /* drums.sf2 */; };
		3698933019FDA8CF0070ACFA /* jazzBass.sf2 in Resources */ = {isa = PBXBuildFile; fileRef = 369892EC19FDA8CF0070ACFA /* jazzBass.sf2 */; };
		3698933319FDA8CF0070ACFA /* Piano.sf2 in Resources */ = {isa = PBXBuildFile; fileRef = 369892EF19FDA8CF0070ACFA /* Piano.sf2 */; };
		3698933419FDA8CF0070ACFA /* AccurateDispatchTimer.swift in Sources */ = {isa = PBXBuildFile; fileRef = 369892F119FDA8CF0070ACFA /* AccurateDispatchTimer.swift */; };
		3698933519FDA8CF0070ACFA /* BasslineGenerator.swift in Sources */ = {isa = PBXBuildFile; fileRef = 369892F319FDA8CF0070ACFA /* BasslineGenerator.swift */; };
		3698933619FDA8CF0070ACFA /* DrumGenerator.swift in Sources */ = {isa = PBXBuildFile; fileRef = 369892F519FDA8CF0070ACFA /* DrumGenerator.swift */; };
		3698933719FDA8CF0070ACFA /* ChordFactory.swift in Sources */ = {isa = PBXBuildFile; fileRef = 369892F719FDA8CF0070ACFA /* ChordFactory.swift */; };
		3698933819FDA8CF0070ACFA /* ChordData.swift in Sources */ = {isa = PBXBuildFile; fileRef = 369892F919FDA8CF0070ACFA /* ChordData.swift */; };
		3698933919FDA8CF0070ACFA /* ChordMeasure.swift in Sources */ = {isa = PBXBuildFile; fileRef = 369892FA19FDA8CF0070ACFA /* ChordMeasure.swift */; };
		3698933A19FDA8CF0070ACFA /* JazzChordGenerator.swift in Sources */ = {isa = PBXBuildFile; fileRef = 369892FB19FDA8CF0070ACFA /* JazzChordGenerator.swift */; };
		3698933B19FDA8CF0070ACFA /* AscendingDimChordGen.swift in Sources */ = {isa = PBXBuildFile; fileRef = 369892FD19FDA8CF0070ACFA /* AscendingDimChordGen.swift */; };
		3698933C19FDA8CF0070ACFA /* ChordGenProtocol.swift in Sources */ = {isa = PBXBuildFile; fileRef = 369892FE19FDA8CF0070ACFA /* ChordGenProtocol.swift */; };
		3698933D19FDA8CF0070ACFA /* Circle5ChordGen.swift in Sources */ = {isa = PBXBuildFile; fileRef = 369892FF19FDA8CF0070ACFA /* Circle5ChordGen.swift */; };
		3698933E19FDA8CF0070ACFA /* ClassicalStateMachineChordGen.swift in Sources */ = {isa = PBXBuildFile; fileRef = 3698930019FDA8CF0070ACFA /* ClassicalStateMachineChordGen.swift */; };
		3698933F19FDA8CF0070ACFA /* FiveOfFiveEndingChordGen.swift in Sources */ = {isa = PBXBuildFile; fileRef = 3698930119FDA8CF0070ACFA /* FiveOfFiveEndingChordGen.swift */; };
		3698934019FDA8CF0070ACFA /* FiveOverOneEndingChordGen.swift in Sources */ = {isa = PBXBuildFile; fileRef = 3698930219FDA8CF0070ACFA /* FiveOverOneEndingChordGen.swift */; };
		3698934119FDA8CF0070ACFA /* FiveSusChordEndingGen.swift in Sources */ = {isa = PBXBuildFile; fileRef = 3698930319FDA8CF0070ACFA /* FiveSusChordEndingGen.swift */; };
		3698934219FDA8CF0070ACFA /* FlatSevenDiminishedEndingChordGen.swift in Sources */ = {isa = PBXBuildFile; fileRef = 3698930419FDA8CF0070ACFA /* FlatSevenDiminishedEndingChordGen.swift */; };
		3698934319FDA8CF0070ACFA /* RhythmChangesOneChordGen.swift in Sources */ = {isa = PBXBuildFile; fileRef = 3698930519FDA8CF0070ACFA /* RhythmChangesOneChordGen.swift */; };
		3698934419FDA8CF0070ACFA /* RhythmChangesTwoChordGen.swift in Sources */ = {isa = PBXBuildFile; fileRef = 3698930619FDA8CF0070ACFA /* RhythmChangesTwoChordGen.swift */; };
		3698934519FDA8CF0070ACFA /* SevenDimChordEndingGen.swift in Sources */ = {isa = PBXBuildFile; fileRef = 3698930719FDA8CF0070ACFA /* SevenDimChordEndingGen.swift */; };
		3698934619FDA8CF0070ACFA /* StrayCatStrutChordGen.swift in Sources */ = {isa = PBXBuildFile; fileRef = 3698930819FDA8CF0070ACFA /* StrayCatStrutChordGen.swift */; };
		3698934719FDA8CF0070ACFA /* SubdominantChordGen.swift in Sources */ = {isa = PBXBuildFile; fileRef = 3698930919FDA8CF0070ACFA /* SubdominantChordGen.swift */; };
		3698934819FDA8CF0070ACFA /* ToFlatVIIChordGen.swift in Sources */ = {isa = PBXBuildFile; fileRef = 3698930A19FDA8CF0070ACFA /* ToFlatVIIChordGen.swift */; };
		3698934919FDA8CF0070ACFA /* TwoFiveOneChordGen.swift in Sources */ = {isa = PBXBuildFile; fileRef = 3698930B19FDA8CF0070ACFA /* TwoFiveOneChordGen.swift */; };
		3698934A19FDA8CF0070ACFA /* TwoFiveTwoFiveEndingChordGen.swift in Sources */ = {isa = PBXBuildFile; fileRef = 3698930C19FDA8CF0070ACFA /* TwoFiveTwoFiveEndingChordGen.swift */; };
		3698934B19FDA8CF0070ACFA /* TwoSevenTwoFiveOneEndingChordGen.swift in Sources */ = {isa = PBXBuildFile; fileRef = 3698930D19FDA8CF0070ACFA /* TwoSevenTwoFiveOneEndingChordGen.swift */; };
		3698934C19FDA8CF0070ACFA /* MelodyMeasure.swift in Sources */ = {isa = PBXBuildFile; fileRef = 3698931019FDA8CF0070ACFA /* MelodyMeasure.swift */; };
		3698934D19FDA8CF0070ACFA /* JazzMelodyGenerator.swift in Sources */ = {isa = PBXBuildFile; fileRef = 3698931119FDA8CF0070ACFA /* JazzMelodyGenerator.swift */; };
		3698934E19FDA8CF0070ACFA /* JazzMelodyGenerator2.swift in Sources */ = {isa = PBXBuildFile; fileRef = 3698931219FDA8CF0070ACFA /* JazzMelodyGenerator2.swift */; };
		3698934F19FDA8CF0070ACFA /* MelodyRhythmGenerator.swift in Sources */ = {isa = PBXBuildFile; fileRef = 3698931319FDA8CF0070ACFA /* MelodyRhythmGenerator.swift */; };
		3698935019FDA8CF0070ACFA /* PLMusicPlayerNote.swift in Sources */ = {isa = PBXBuildFile; fileRef = 3698931619FDA8CF0070ACFA /* PLMusicPlayerNote.swift */; };
		3698935119FDA8CF0070ACFA /* PLMusicPlayer.swift in Sources */ = {isa = PBXBuildFile; fileRef = 3698931719FDA8CF0070ACFA /* PLMusicPlayer.swift */; };
		3698935219FDA8CF0070ACFA /* TestMusicPlayer.swift in Sources */ = {isa = PBXBuildFile; fileRef = 3698931819FDA8CF0070ACFA /* TestMusicPlayer.swift */; };
		3698935319FDA8CF0070ACFA /* MusicUtil+Finder.swift in Sources */ = {isa = PBXBuildFile; fileRef = 3698931A19FDA8CF0070ACFA /* MusicUtil+Finder.swift */; };
		3698935419FDA8CF0070ACFA /* MusicUtil+Measures.swift in Sources */ = {isa = PBXBuildFile; fileRef = 3698931B19FDA8CF0070ACFA /* MusicUtil+Measures.swift */; };
		3698935519FDA8CF0070ACFA /* MusicUtil+NoteConverter.swift in Sources */ = {isa = PBXBuildFile; fileRef = 3698931C19FDA8CF0070ACFA /* MusicUtil+NoteConverter.swift */; };
		3698935619FDA8CF0070ACFA /* MusicUtil+NotePicker.swift in Sources */ = {isa = PBXBuildFile; fileRef = 3698931D19FDA8CF0070ACFA /* MusicUtil+NotePicker.swift */; };
		3698935719FDA8CF0070ACFA /* MusicUtil+Scales.swift in Sources */ = {isa = PBXBuildFile; fileRef = 3698931E19FDA8CF0070ACFA /* MusicUtil+Scales.swift */; };
		3698935819FDA8CF0070ACFA /* MusicUtil+Transpose.swift in Sources */ = {isa = PBXBuildFile; fileRef = 3698931F19FDA8CF0070ACFA /* MusicUtil+Transpose.swift */; };
		3698935919FDA8CF0070ACFA /* MusicUtil.swift in Sources */ = {isa = PBXBuildFile; fileRef = 3698932019FDA8CF0070ACFA /* MusicUtil.swift */; };
		3698935A19FDA8CF0070ACFA /* RandomArrayExtension.swift in Sources */ = {isa = PBXBuildFile; fileRef = 3698932219FDA8CF0070ACFA /* RandomArrayExtension.swift */; };
		3698935B19FDA8CF0070ACFA /* ChordVoicer.swift in Sources */ = {isa = PBXBuildFile; fileRef = 3698932419FDA8CF0070ACFA /* ChordVoicer.swift */; };
		3698935C19FDA8CF0070ACFA /* RhythmSectionGenerator.swift in Sources */ = {isa = PBXBuildFile; fileRef = 3698932519FDA8CF0070ACFA /* RhythmSectionGenerator.swift */; };
		3698935D19FDA8CF0070ACFA /* ScoreCreator.swift in Sources */ = {isa = PBXBuildFile; fileRef = 3698932719FDA8CF0070ACFA /* ScoreCreator.swift */; };
		3698935E19FDA8CF0070ACFA /* sax.sf2 in Resources */ = {isa = PBXBuildFile; fileRef = 3698932819FDA8CF0070ACFA /* sax.sf2 */; };
		3698935F19FDA8CF0070ACFA /* SongComposer.swift in Sources */ = {isa = PBXBuildFile; fileRef = 3698932A19FDA8CF0070ACFA /* SongComposer.swift */; };
		3698936019FDA8CF0070ACFA /* trumpet.sf2 in Resources */ = {isa = PBXBuildFile; fileRef = 3698932B19FDA8CF0070ACFA /* trumpet.sf2 */; };
		36E70C1019A6C6FC00DB306D /* NewSongGeneratorViewController.swift in Sources */ = {isa = PBXBuildFile; fileRef = 36E70C0F19A6C6FC00DB306D /* NewSongGeneratorViewController.swift */; };
		36E70C1219A6C70C00DB306D /* NewSongGenerator.storyboard in Resources */ = {isa = PBXBuildFile; fileRef = 36E70C1119A6C70C00DB306D /* NewSongGenerator.storyboard */; };
		36E70C1419A907A300DB306D /* SongSettingsViewController.swift in Sources */ = {isa = PBXBuildFile; fileRef = 36E70C1319A907A300DB306D /* SongSettingsViewController.swift */; };
		36E70C1619A907AE00DB306D /* SongSettings.storyboard in Resources */ = {isa = PBXBuildFile; fileRef = 36E70C1519A907AE00DB306D /* SongSettings.storyboard */; };
		36E70C1919A907E400DB306D /* UIUtils.swift in Sources */ = {isa = PBXBuildFile; fileRef = 36E70C1819A907E400DB306D /* UIUtils.swift */; };
		36ED668E1982D535001D5C10 /* Images.xcassets in Resources */ = {isa = PBXBuildFile; fileRef = 36ED668D1982D535001D5C10 /* Images.xcassets */; };
		36ED669A1982D535001D5C10 /* JazzPracticeTests.swift in Sources */ = {isa = PBXBuildFile; fileRef = 36ED66991982D535001D5C10 /* JazzPracticeTests.swift */; };
		36ED66AB1982D6FD001D5C10 /* AppDelegate.swift in Sources */ = {isa = PBXBuildFile; fileRef = 36ED66A91982D6FD001D5C10 /* AppDelegate.swift */; };
		36ED66AE1982D9D3001D5C10 /* SectionsCollectionViewController.swift in Sources */ = {isa = PBXBuildFile; fileRef = 36ED66AD1982D9D3001D5C10 /* SectionsCollectionViewController.swift */; };
		36ED66B01982DA26001D5C10 /* SectionsCollectionViewController.storyboard in Resources */ = {isa = PBXBuildFile; fileRef = 36ED66AF1982DA26001D5C10 /* SectionsCollectionViewController.storyboard */; };
		36ED671E1982DBF7001D5C10 /* MusicGenerator.swift in Sources */ = {isa = PBXBuildFile; fileRef = 36ED671D1982DBF7001D5C10 /* MusicGenerator.swift */; };
		36ED67201982DD07001D5C10 /* SongSection.swift in Sources */ = {isa = PBXBuildFile; fileRef = 36ED671F1982DD07001D5C10 /* SongSection.swift */; };
		36ED67241982DE99001D5C10 /* CurrentSongDataCenter.swift in Sources */ = {isa = PBXBuildFile; fileRef = 36ED67231982DE99001D5C10 /* CurrentSongDataCenter.swift */; };
		36ED67261982E1DD001D5C10 /* JukeBox.swift in Sources */ = {isa = PBXBuildFile; fileRef = 36ED67251982E1DD001D5C10 /* JukeBox.swift */; };
/* End PBXBuildFile section */

/* Begin PBXContainerItemProxy section */
		36ED66941982D535001D5C10 /* PBXContainerItemProxy */ = {
			isa = PBXContainerItemProxy;
			containerPortal = 36ED66791982D535001D5C10 /* Project object */;
			proxyType = 1;
			remoteGlobalIDString = 36ED66801982D535001D5C10;
			remoteInfo = JazzPractice;
		};
/* End PBXContainerItemProxy section */

/* Begin PBXFileReference section */
		36266E871A01BA0400AB66D0 /* SongForm.swift */ = {isa = PBXFileReference; fileEncoding = 4; lastKnownFileType = sourcecode.swift; path = SongForm.swift; sourceTree = "<group>"; };
		363B910D1982F46B00E09133 /* SheetMusicViewController.swift */ = {isa = PBXFileReference; fileEncoding = 4; lastKnownFileType = sourcecode.swift; path = SheetMusicViewController.swift; sourceTree = "<group>"; };
		363B910F1982F47600E09133 /* SheetMusicViewController.storyboard */ = {isa = PBXFileReference; fileEncoding = 4; lastKnownFileType = file.storyboard; path = SheetMusicViewController.storyboard; sourceTree = "<group>"; };
		363B91121982F51100E09133 /* ChordCell.xib */ = {isa = PBXFileReference; fileEncoding = 4; lastKnownFileType = file.xib; path = ChordCell.xib; sourceTree = "<group>"; };
		363B91141982F61100E09133 /* ChordCell.swift */ = {isa = PBXFileReference; fileEncoding = 4; lastKnownFileType = sourcecode.swift; path = ChordCell.swift; sourceTree = "<group>"; };
		363B9118198314DB00E09133 /* ChordsViewController.swift */ = {isa = PBXFileReference; fileEncoding = 4; lastKnownFileType = sourcecode.swift; path = ChordsViewController.swift; sourceTree = "<group>"; };
		363B911A198314F200E09133 /* SingleChordViewController.swift */ = {isa = PBXFileReference; fileEncoding = 4; lastKnownFileType = sourcecode.swift; path = SingleChordViewController.swift; sourceTree = "<group>"; };
		363B911C198314FD00E09133 /* ChordsViewController.storyboard */ = {isa = PBXFileReference; fileEncoding = 4; lastKnownFileType = file.storyboard; path = ChordsViewController.storyboard; sourceTree = "<group>"; };
		363B911E1983150700E09133 /* SingleChordViewController.storyboard */ = {isa = PBXFileReference; fileEncoding = 4; lastKnownFileType = file.storyboard; path = SingleChordViewController.storyboard; sourceTree = "<group>"; };
		369892E919FDA8CE0070ACFA /* drums.sf2 */ = {isa = PBXFileReference; lastKnownFileType = file; path = drums.sf2; sourceTree = "<group>"; };
		369892EC19FDA8CF0070ACFA /* jazzBass.sf2 */ = {isa = PBXFileReference; lastKnownFileType = file; path = jazzBass.sf2; sourceTree = "<group>"; };
		369892EF19FDA8CF0070ACFA /* Piano.sf2 */ = {isa = PBXFileReference; lastKnownFileType = file; path = Piano.sf2; sourceTree = "<group>"; };
		369892F119FDA8CF0070ACFA /* AccurateDispatchTimer.swift */ = {isa = PBXFileReference; fileEncoding = 4; lastKnownFileType = sourcecode.swift; path = AccurateDispatchTimer.swift; sourceTree = "<group>"; };
		369892F319FDA8CF0070ACFA /* BasslineGenerator.swift */ = {isa = PBXFileReference; fileEncoding = 4; lastKnownFileType = sourcecode.swift; path = BasslineGenerator.swift; sourceTree = "<group>"; };
		369892F519FDA8CF0070ACFA /* DrumGenerator.swift */ = {isa = PBXFileReference; fileEncoding = 4; lastKnownFileType = sourcecode.swift; path = DrumGenerator.swift; sourceTree = "<group>"; };
		369892F719FDA8CF0070ACFA /* ChordFactory.swift */ = {isa = PBXFileReference; fileEncoding = 4; lastKnownFileType = sourcecode.swift; path = ChordFactory.swift; sourceTree = "<group>"; };
		369892F919FDA8CF0070ACFA /* ChordData.swift */ = {isa = PBXFileReference; fileEncoding = 4; lastKnownFileType = sourcecode.swift; path = ChordData.swift; sourceTree = "<group>"; };
		369892FA19FDA8CF0070ACFA /* ChordMeasure.swift */ = {isa = PBXFileReference; fileEncoding = 4; lastKnownFileType = sourcecode.swift; path = ChordMeasure.swift; sourceTree = "<group>"; };
		369892FB19FDA8CF0070ACFA /* JazzChordGenerator.swift */ = {isa = PBXFileReference; fileEncoding = 4; lastKnownFileType = sourcecode.swift; path = JazzChordGenerator.swift; sourceTree = "<group>"; };
		369892FD19FDA8CF0070ACFA /* AscendingDimChordGen.swift */ = {isa = PBXFileReference; fileEncoding = 4; lastKnownFileType = sourcecode.swift; path = AscendingDimChordGen.swift; sourceTree = "<group>"; };
		369892FE19FDA8CF0070ACFA /* ChordGenProtocol.swift */ = {isa = PBXFileReference; fileEncoding = 4; lastKnownFileType = sourcecode.swift; path = ChordGenProtocol.swift; sourceTree = "<group>"; };
		369892FF19FDA8CF0070ACFA /* Circle5ChordGen.swift */ = {isa = PBXFileReference; fileEncoding = 4; lastKnownFileType = sourcecode.swift; path = Circle5ChordGen.swift; sourceTree = "<group>"; };
		3698930019FDA8CF0070ACFA /* ClassicalStateMachineChordGen.swift */ = {isa = PBXFileReference; fileEncoding = 4; lastKnownFileType = sourcecode.swift; path = ClassicalStateMachineChordGen.swift; sourceTree = "<group>"; };
		3698930119FDA8CF0070ACFA /* FiveOfFiveEndingChordGen.swift */ = {isa = PBXFileReference; fileEncoding = 4; lastKnownFileType = sourcecode.swift; path = FiveOfFiveEndingChordGen.swift; sourceTree = "<group>"; };
		3698930219FDA8CF0070ACFA /* FiveOverOneEndingChordGen.swift */ = {isa = PBXFileReference; fileEncoding = 4; lastKnownFileType = sourcecode.swift; path = FiveOverOneEndingChordGen.swift; sourceTree = "<group>"; };
		3698930319FDA8CF0070ACFA /* FiveSusChordEndingGen.swift */ = {isa = PBXFileReference; fileEncoding = 4; lastKnownFileType = sourcecode.swift; path = FiveSusChordEndingGen.swift; sourceTree = "<group>"; };
		3698930419FDA8CF0070ACFA /* FlatSevenDiminishedEndingChordGen.swift */ = {isa = PBXFileReference; fileEncoding = 4; lastKnownFileType = sourcecode.swift; path = FlatSevenDiminishedEndingChordGen.swift; sourceTree = "<group>"; };
		3698930519FDA8CF0070ACFA /* RhythmChangesOneChordGen.swift */ = {isa = PBXFileReference; fileEncoding = 4; lastKnownFileType = sourcecode.swift; path = RhythmChangesOneChordGen.swift; sourceTree = "<group>"; };
		3698930619FDA8CF0070ACFA /* RhythmChangesTwoChordGen.swift */ = {isa = PBXFileReference; fileEncoding = 4; lastKnownFileType = sourcecode.swift; path = RhythmChangesTwoChordGen.swift; sourceTree = "<group>"; };
		3698930719FDA8CF0070ACFA /* SevenDimChordEndingGen.swift */ = {isa = PBXFileReference; fileEncoding = 4; lastKnownFileType = sourcecode.swift; path = SevenDimChordEndingGen.swift; sourceTree = "<group>"; };
		3698930819FDA8CF0070ACFA /* StrayCatStrutChordGen.swift */ = {isa = PBXFileReference; fileEncoding = 4; lastKnownFileType = sourcecode.swift; path = StrayCatStrutChordGen.swift; sourceTree = "<group>"; };
		3698930919FDA8CF0070ACFA /* SubdominantChordGen.swift */ = {isa = PBXFileReference; fileEncoding = 4; lastKnownFileType = sourcecode.swift; path = SubdominantChordGen.swift; sourceTree = "<group>"; };
		3698930A19FDA8CF0070ACFA /* ToFlatVIIChordGen.swift */ = {isa = PBXFileReference; fileEncoding = 4; lastKnownFileType = sourcecode.swift; path = ToFlatVIIChordGen.swift; sourceTree = "<group>"; };
		3698930B19FDA8CF0070ACFA /* TwoFiveOneChordGen.swift */ = {isa = PBXFileReference; fileEncoding = 4; lastKnownFileType = sourcecode.swift; path = TwoFiveOneChordGen.swift; sourceTree = "<group>"; };
		3698930C19FDA8CF0070ACFA /* TwoFiveTwoFiveEndingChordGen.swift */ = {isa = PBXFileReference; fileEncoding = 4; lastKnownFileType = sourcecode.swift; path = TwoFiveTwoFiveEndingChordGen.swift; sourceTree = "<group>"; };
		3698930D19FDA8CF0070ACFA /* TwoSevenTwoFiveOneEndingChordGen.swift */ = {isa = PBXFileReference; fileEncoding = 4; lastKnownFileType = sourcecode.swift; path = TwoSevenTwoFiveOneEndingChordGen.swift; sourceTree = "<group>"; };
		3698931019FDA8CF0070ACFA /* MelodyMeasure.swift */ = {isa = PBXFileReference; fileEncoding = 4; lastKnownFileType = sourcecode.swift; path = MelodyMeasure.swift; sourceTree = "<group>"; };
		3698931119FDA8CF0070ACFA /* JazzMelodyGenerator.swift */ = {isa = PBXFileReference; fileEncoding = 4; lastKnownFileType = sourcecode.swift; path = JazzMelodyGenerator.swift; sourceTree = "<group>"; };
		3698931219FDA8CF0070ACFA /* JazzMelodyGenerator2.swift */ = {isa = PBXFileReference; fileEncoding = 4; lastKnownFileType = sourcecode.swift; path = JazzMelodyGenerator2.swift; sourceTree = "<group>"; };
		3698931319FDA8CF0070ACFA /* MelodyRhythmGenerator.swift */ = {isa = PBXFileReference; fileEncoding = 4; lastKnownFileType = sourcecode.swift; path = MelodyRhythmGenerator.swift; sourceTree = "<group>"; };
		3698931619FDA8CF0070ACFA /* PLMusicPlayerNote.swift */ = {isa = PBXFileReference; fileEncoding = 4; lastKnownFileType = sourcecode.swift; path = PLMusicPlayerNote.swift; sourceTree = "<group>"; };
		3698931719FDA8CF0070ACFA /* PLMusicPlayer.swift */ = {isa = PBXFileReference; fileEncoding = 4; lastKnownFileType = sourcecode.swift; path = PLMusicPlayer.swift; sourceTree = "<group>"; };
		3698931819FDA8CF0070ACFA /* TestMusicPlayer.swift */ = {isa = PBXFileReference; fileEncoding = 4; lastKnownFileType = sourcecode.swift; path = TestMusicPlayer.swift; sourceTree = "<group>"; };
		3698931A19FDA8CF0070ACFA /* MusicUtil+Finder.swift */ = {isa = PBXFileReference; fileEncoding = 4; lastKnownFileType = sourcecode.swift; path = "MusicUtil+Finder.swift"; sourceTree = "<group>"; };
		3698931B19FDA8CF0070ACFA /* MusicUtil+Measures.swift */ = {isa = PBXFileReference; fileEncoding = 4; lastKnownFileType = sourcecode.swift; path = "MusicUtil+Measures.swift"; sourceTree = "<group>"; };
		3698931C19FDA8CF0070ACFA /* MusicUtil+NoteConverter.swift */ = {isa = PBXFileReference; fileEncoding = 4; lastKnownFileType = sourcecode.swift; path = "MusicUtil+NoteConverter.swift"; sourceTree = "<group>"; };
		3698931D19FDA8CF0070ACFA /* MusicUtil+NotePicker.swift */ = {isa = PBXFileReference; fileEncoding = 4; lastKnownFileType = sourcecode.swift; path = "MusicUtil+NotePicker.swift"; sourceTree = "<group>"; };
		3698931E19FDA8CF0070ACFA /* MusicUtil+Scales.swift */ = {isa = PBXFileReference; fileEncoding = 4; lastKnownFileType = sourcecode.swift; path = "MusicUtil+Scales.swift"; sourceTree = "<group>"; };
		3698931F19FDA8CF0070ACFA /* MusicUtil+Transpose.swift */ = {isa = PBXFileReference; fileEncoding = 4; lastKnownFileType = sourcecode.swift; path = "MusicUtil+Transpose.swift"; sourceTree = "<group>"; };
		3698932019FDA8CF0070ACFA /* MusicUtil.swift */ = {isa = PBXFileReference; fileEncoding = 4; lastKnownFileType = sourcecode.swift; path = MusicUtil.swift; sourceTree = "<group>"; };
		3698932219FDA8CF0070ACFA /* RandomArrayExtension.swift */ = {isa = PBXFileReference; fileEncoding = 4; lastKnownFileType = sourcecode.swift; path = RandomArrayExtension.swift; sourceTree = "<group>"; };
		3698932419FDA8CF0070ACFA /* ChordVoicer.swift */ = {isa = PBXFileReference; fileEncoding = 4; lastKnownFileType = sourcecode.swift; path = ChordVoicer.swift; sourceTree = "<group>"; };
		3698932519FDA8CF0070ACFA /* RhythmSectionGenerator.swift */ = {isa = PBXFileReference; fileEncoding = 4; lastKnownFileType = sourcecode.swift; path = RhythmSectionGenerator.swift; sourceTree = "<group>"; };
		3698932719FDA8CF0070ACFA /* ScoreCreator.swift */ = {isa = PBXFileReference; fileEncoding = 4; lastKnownFileType = sourcecode.swift; path = ScoreCreator.swift; sourceTree = "<group>"; };
		3698932819FDA8CF0070ACFA /* sax.sf2 */ = {isa = PBXFileReference; lastKnownFileType = file; path = sax.sf2; sourceTree = "<group>"; };
		3698932A19FDA8CF0070ACFA /* SongComposer.swift */ = {isa = PBXFileReference; fileEncoding = 4; lastKnownFileType = sourcecode.swift; path = SongComposer.swift; sourceTree = "<group>"; };
		3698932B19FDA8CF0070ACFA /* trumpet.sf2 */ = {isa = PBXFileReference; lastKnownFileType = file; path = trumpet.sf2; sourceTree = "<group>"; };
		36E70C0F19A6C6FC00DB306D /* NewSongGeneratorViewController.swift */ = {isa = PBXFileReference; fileEncoding = 4; lastKnownFileType = sourcecode.swift; path = NewSongGeneratorViewController.swift; sourceTree = "<group>"; };
		36E70C1119A6C70C00DB306D /* NewSongGenerator.storyboard */ = {isa = PBXFileReference; fileEncoding = 4; lastKnownFileType = file.storyboard; path = NewSongGenerator.storyboard; sourceTree = "<group>"; };
		36E70C1319A907A300DB306D /* SongSettingsViewController.swift */ = {isa = PBXFileReference; fileEncoding = 4; lastKnownFileType = sourcecode.swift; path = SongSettingsViewController.swift; sourceTree = "<group>"; };
		36E70C1519A907AE00DB306D /* SongSettings.storyboard */ = {isa = PBXFileReference; fileEncoding = 4; lastKnownFileType = file.storyboard; path = SongSettings.storyboard; sourceTree = "<group>"; };
		36E70C1819A907E400DB306D /* UIUtils.swift */ = {isa = PBXFileReference; fileEncoding = 4; lastKnownFileType = sourcecode.swift; path = UIUtils.swift; sourceTree = "<group>"; };
		36ED66811982D535001D5C10 /* JazzPractice.app */ = {isa = PBXFileReference; explicitFileType = wrapper.application; includeInIndex = 0; path = JazzPractice.app; sourceTree = BUILT_PRODUCTS_DIR; };
		36ED66851982D535001D5C10 /* Info.plist */ = {isa = PBXFileReference; lastKnownFileType = text.plist.xml; path = Info.plist; sourceTree = "<group>"; };
		36ED668D1982D535001D5C10 /* Images.xcassets */ = {isa = PBXFileReference; lastKnownFileType = folder.assetcatalog; path = Images.xcassets; sourceTree = "<group>"; };
		36ED66931982D535001D5C10 /* JazzPracticeTests.xctest */ = {isa = PBXFileReference; explicitFileType = wrapper.cfbundle; includeInIndex = 0; path = JazzPracticeTests.xctest; sourceTree = BUILT_PRODUCTS_DIR; };
		36ED66981982D535001D5C10 /* Info.plist */ = {isa = PBXFileReference; lastKnownFileType = text.plist.xml; path = Info.plist; sourceTree = "<group>"; };
		36ED66991982D535001D5C10 /* JazzPracticeTests.swift */ = {isa = PBXFileReference; lastKnownFileType = sourcecode.swift; path = JazzPracticeTests.swift; sourceTree = "<group>"; };
		36ED66A91982D6FD001D5C10 /* AppDelegate.swift */ = {isa = PBXFileReference; fileEncoding = 4; lastKnownFileType = sourcecode.swift; path = AppDelegate.swift; sourceTree = "<group>"; };
		36ED66AD1982D9D3001D5C10 /* SectionsCollectionViewController.swift */ = {isa = PBXFileReference; fileEncoding = 4; lastKnownFileType = sourcecode.swift; path = SectionsCollectionViewController.swift; sourceTree = "<group>"; };
		36ED66AF1982DA26001D5C10 /* SectionsCollectionViewController.storyboard */ = {isa = PBXFileReference; fileEncoding = 4; lastKnownFileType = file.storyboard; path = SectionsCollectionViewController.storyboard; sourceTree = "<group>"; };
		36ED671D1982DBF7001D5C10 /* MusicGenerator.swift */ = {isa = PBXFileReference; fileEncoding = 4; lastKnownFileType = sourcecode.swift; path = MusicGenerator.swift; sourceTree = "<group>"; };
		36ED671F1982DD07001D5C10 /* SongSection.swift */ = {isa = PBXFileReference; fileEncoding = 4; lastKnownFileType = sourcecode.swift; path = SongSection.swift; sourceTree = "<group>"; };
		36ED67231982DE99001D5C10 /* CurrentSongDataCenter.swift */ = {isa = PBXFileReference; fileEncoding = 4; lastKnownFileType = sourcecode.swift; path = CurrentSongDataCenter.swift; sourceTree = "<group>"; };
		36ED67251982E1DD001D5C10 /* JukeBox.swift */ = {isa = PBXFileReference; fileEncoding = 4; lastKnownFileType = sourcecode.swift; path = JukeBox.swift; sourceTree = "<group>"; };
		6684E807DFB3424EAB2B204A /* libPods.a */ = {isa = PBXFileReference; explicitFileType = archive.ar; includeInIndex = 0; path = libPods.a; sourceTree = BUILT_PRODUCTS_DIR; };
		C6B09F7822F94B5C984F47AD /* Pods.xcconfig */ = {isa = PBXFileReference; includeInIndex = 1; lastKnownFileType = text.xcconfig; name = Pods.xcconfig; path = Pods/Pods.xcconfig; sourceTree = "<group>"; };
/* End PBXFileReference section */

/* Begin PBXFrameworksBuildPhase section */
		36ED667E1982D535001D5C10 /* Frameworks */ = {
			isa = PBXFrameworksBuildPhase;
			buildActionMask = 2147483647;
			files = (
				189A5997881C46C0A31EA7CC /* libPods.a in Frameworks */,
			);
			runOnlyForDeploymentPostprocessing = 0;
		};
		36ED66901982D535001D5C10 /* Frameworks */ = {
			isa = PBXFrameworksBuildPhase;
			buildActionMask = 2147483647;
			files = (
			);
			runOnlyForDeploymentPostprocessing = 0;
		};
/* End PBXFrameworksBuildPhase section */

/* Begin PBXGroup section */
		363B910C1982F46000E09133 /* PlayingViewControllers */ = {
			isa = PBXGroup;
			children = (
				363B910D1982F46B00E09133 /* SheetMusicViewController.swift */,
				363B910F1982F47600E09133 /* SheetMusicViewController.storyboard */,
			);
			path = PlayingViewControllers;
			sourceTree = "<group>";
		};
		363B91111982F50200E09133 /* CollectionViewCells */ = {
			isa = PBXGroup;
			children = (
				363B91141982F61100E09133 /* ChordCell.swift */,
				363B91121982F51100E09133 /* ChordCell.xib */,
			);
			path = CollectionViewCells;
			sourceTree = "<group>";
		};
		369892E719FDA8CE0070ACFA /* TestAudio */ = {
			isa = PBXGroup;
			children = (
				369892E919FDA8CE0070ACFA /* drums.sf2 */,
				369892EC19FDA8CF0070ACFA /* jazzBass.sf2 */,
				369892EF19FDA8CF0070ACFA /* Piano.sf2 */,
				369892F019FDA8CF0070ACFA /* PLAccurateTimer */,
				369892F219FDA8CF0070ACFA /* PLBasslineGenerator */,
				369892F419FDA8CF0070ACFA /* PLDrumGenerator */,
				369892F619FDA8CF0070ACFA /* PLJazzChordGenerator */,
				3698930E19FDA8CF0070ACFA /* PLJazzMelodyGenerator */,
				3698931419FDA8CF0070ACFA /* PLMusicPlayer */,
				3698931919FDA8CF0070ACFA /* PLMusicRepresentationHelpers */,
				3698932119FDA8CF0070ACFA /* PLRandomHelpers */,
				3698932319FDA8CF0070ACFA /* PLRhythmSectionGenerator */,
				3698932619FDA8CF0070ACFA /* PLScoreCreator */,
				3698932819FDA8CF0070ACFA /* sax.sf2 */,
				3698932919FDA8CF0070ACFA /* SongStructureGenerator */,
				3698932B19FDA8CF0070ACFA /* trumpet.sf2 */,
			);
			name = TestAudio;
			path = ../../TestAudio/TestAudio;
			sourceTree = "<group>";
		};
		369892F019FDA8CF0070ACFA /* PLAccurateTimer */ = {
			isa = PBXGroup;
			children = (
				369892F119FDA8CF0070ACFA /* AccurateDispatchTimer.swift */,
			);
			path = PLAccurateTimer;
			sourceTree = "<group>";
		};
		369892F219FDA8CF0070ACFA /* PLBasslineGenerator */ = {
			isa = PBXGroup;
			children = (
				369892F319FDA8CF0070ACFA /* BasslineGenerator.swift */,
			);
			path = PLBasslineGenerator;
			sourceTree = "<group>";
		};
		369892F419FDA8CF0070ACFA /* PLDrumGenerator */ = {
			isa = PBXGroup;
			children = (
				369892F519FDA8CF0070ACFA /* DrumGenerator.swift */,
			);
			path = PLDrumGenerator;
			sourceTree = "<group>";
		};
		369892F619FDA8CF0070ACFA /* PLJazzChordGenerator */ = {
			isa = PBXGroup;
			children = (
				369892F719FDA8CF0070ACFA /* ChordFactory.swift */,
				369892F819FDA8CF0070ACFA /* DataStructures */,
				369892FB19FDA8CF0070ACFA /* JazzChordGenerator.swift */,
				369892FC19FDA8CF0070ACFA /* JazzChordGenerators */,
			);
			path = PLJazzChordGenerator;
			sourceTree = "<group>";
		};
		369892F819FDA8CF0070ACFA /* DataStructures */ = {
			isa = PBXGroup;
			children = (
				369892F919FDA8CF0070ACFA /* ChordData.swift */,
				369892FA19FDA8CF0070ACFA /* ChordMeasure.swift */,
			);
			path = DataStructures;
			sourceTree = "<group>";
		};
		369892FC19FDA8CF0070ACFA /* JazzChordGenerators */ = {
			isa = PBXGroup;
			children = (
				369892FD19FDA8CF0070ACFA /* AscendingDimChordGen.swift */,
				369892FE19FDA8CF0070ACFA /* ChordGenProtocol.swift */,
				369892FF19FDA8CF0070ACFA /* Circle5ChordGen.swift */,
				3698930019FDA8CF0070ACFA /* ClassicalStateMachineChordGen.swift */,
				3698930119FDA8CF0070ACFA /* FiveOfFiveEndingChordGen.swift */,
				3698930219FDA8CF0070ACFA /* FiveOverOneEndingChordGen.swift */,
				3698930319FDA8CF0070ACFA /* FiveSusChordEndingGen.swift */,
				3698930419FDA8CF0070ACFA /* FlatSevenDiminishedEndingChordGen.swift */,
				3698930519FDA8CF0070ACFA /* RhythmChangesOneChordGen.swift */,
				3698930619FDA8CF0070ACFA /* RhythmChangesTwoChordGen.swift */,
				3698930719FDA8CF0070ACFA /* SevenDimChordEndingGen.swift */,
				3698930819FDA8CF0070ACFA /* StrayCatStrutChordGen.swift */,
				3698930919FDA8CF0070ACFA /* SubdominantChordGen.swift */,
				3698930A19FDA8CF0070ACFA /* ToFlatVIIChordGen.swift */,
				3698930B19FDA8CF0070ACFA /* TwoFiveOneChordGen.swift */,
				3698930C19FDA8CF0070ACFA /* TwoFiveTwoFiveEndingChordGen.swift */,
				3698930D19FDA8CF0070ACFA /* TwoSevenTwoFiveOneEndingChordGen.swift */,
			);
			path = JazzChordGenerators;
			sourceTree = "<group>";
		};
		3698930E19FDA8CF0070ACFA /* PLJazzMelodyGenerator */ = {
			isa = PBXGroup;
			children = (
				3698930F19FDA8CF0070ACFA /* DataStructures */,
				3698931119FDA8CF0070ACFA /* JazzMelodyGenerator.swift */,
				3698931219FDA8CF0070ACFA /* JazzMelodyGenerator2.swift */,
				3698931319FDA8CF0070ACFA /* MelodyRhythmGenerator.swift */,
			);
			path = PLJazzMelodyGenerator;
			sourceTree = "<group>";
		};
		3698930F19FDA8CF0070ACFA /* DataStructures */ = {
			isa = PBXGroup;
			children = (
				3698931019FDA8CF0070ACFA /* MelodyMeasure.swift */,
			);
			path = DataStructures;
			sourceTree = "<group>";
		};
		3698931419FDA8CF0070ACFA /* PLMusicPlayer */ = {
			isa = PBXGroup;
			children = (
				3698931519FDA8CF0070ACFA /* DataStructures */,
				3698931719FDA8CF0070ACFA /* PLMusicPlayer.swift */,
				3698931819FDA8CF0070ACFA /* TestMusicPlayer.swift */,
			);
			path = PLMusicPlayer;
			sourceTree = "<group>";
		};
		3698931519FDA8CF0070ACFA /* DataStructures */ = {
			isa = PBXGroup;
			children = (
				3698931619FDA8CF0070ACFA /* PLMusicPlayerNote.swift */,
			);
			path = DataStructures;
			sourceTree = "<group>";
		};
		3698931919FDA8CF0070ACFA /* PLMusicRepresentationHelpers */ = {
			isa = PBXGroup;
			children = (
				3698931A19FDA8CF0070ACFA /* MusicUtil+Finder.swift */,
				3698931B19FDA8CF0070ACFA /* MusicUtil+Measures.swift */,
				3698931C19FDA8CF0070ACFA /* MusicUtil+NoteConverter.swift */,
				3698931D19FDA8CF0070ACFA /* MusicUtil+NotePicker.swift */,
				3698931E19FDA8CF0070ACFA /* MusicUtil+Scales.swift */,
				3698931F19FDA8CF0070ACFA /* MusicUtil+Transpose.swift */,
				3698932019FDA8CF0070ACFA /* MusicUtil.swift */,
			);
			path = PLMusicRepresentationHelpers;
			sourceTree = "<group>";
		};
		3698932119FDA8CF0070ACFA /* PLRandomHelpers */ = {
			isa = PBXGroup;
			children = (
				3698932219FDA8CF0070ACFA /* RandomArrayExtension.swift */,
			);
			path = PLRandomHelpers;
			sourceTree = "<group>";
		};
		3698932319FDA8CF0070ACFA /* PLRhythmSectionGenerator */ = {
			isa = PBXGroup;
			children = (
				3698932419FDA8CF0070ACFA /* ChordVoicer.swift */,
				3698932519FDA8CF0070ACFA /* RhythmSectionGenerator.swift */,
			);
			path = PLRhythmSectionGenerator;
			sourceTree = "<group>";
		};
		3698932619FDA8CF0070ACFA /* PLScoreCreator */ = {
			isa = PBXGroup;
			children = (
				3698932719FDA8CF0070ACFA /* ScoreCreator.swift */,
			);
			path = PLScoreCreator;
			sourceTree = "<group>";
		};
		3698932919FDA8CF0070ACFA /* SongStructureGenerator */ = {
			isa = PBXGroup;
			children = (
				3698932A19FDA8CF0070ACFA /* SongComposer.swift */,
			);
			path = SongStructureGenerator;
			sourceTree = "<group>";
		};
		36E70C1719A907C400DB306D /* Utils */ = {
			isa = PBXGroup;
			children = (
				36E70C1819A907E400DB306D /* UIUtils.swift */,
			);
			path = Utils;
			sourceTree = "<group>";
		};
		36ED66781982D535001D5C10 = {
			isa = PBXGroup;
			children = (
				36ED66831982D535001D5C10 /* JazzPractice */,
				36ED66961982D535001D5C10 /* JazzPracticeTests */,
				36ED66821982D535001D5C10 /* Products */,
				C6B09F7822F94B5C984F47AD /* Pods.xcconfig */,
				CCADC81EA03F42E5804B3290 /* Frameworks */,
			);
			sourceTree = "<group>";
		};
		36ED66821982D535001D5C10 /* Products */ = {
			isa = PBXGroup;
			children = (
				36ED66811982D535001D5C10 /* JazzPractice.app */,
				36ED66931982D535001D5C10 /* JazzPracticeTests.xctest */,
			);
			name = Products;
			sourceTree = "<group>";
		};
		36ED66831982D535001D5C10 /* JazzPractice */ = {
			isa = PBXGroup;
			children = (
				36ED66B11982DAE1001D5C10 /* TempGenerator */,
				36ED66A31982D697001D5C10 /* Source */,
				36ED668D1982D535001D5C10 /* Images.xcassets */,
				36ED66841982D535001D5C10 /* Supporting Files */,
			);
			path = JazzPractice;
			sourceTree = "<group>";
		};
		36ED66841982D535001D5C10 /* Supporting Files */ = {
			isa = PBXGroup;
			children = (
				36ED66851982D535001D5C10 /* Info.plist */,
			);
			name = "Supporting Files";
			sourceTree = "<group>";
		};
		36ED66961982D535001D5C10 /* JazzPracticeTests */ = {
			isa = PBXGroup;
			children = (
				36ED66991982D535001D5C10 /* JazzPracticeTests.swift */,
				36ED66971982D535001D5C10 /* Supporting Files */,
			);
			path = JazzPracticeTests;
			sourceTree = "<group>";
		};
		36ED66971982D535001D5C10 /* Supporting Files */ = {
			isa = PBXGroup;
			children = (
				36ED66981982D535001D5C10 /* Info.plist */,
			);
			name = "Supporting Files";
			sourceTree = "<group>";
		};
		36ED66A31982D697001D5C10 /* Source */ = {
			isa = PBXGroup;
			children = (
				36ED66A81982D6FD001D5C10 /* AppDelegate */,
				36ED66AC1982D990001D5C10 /* BaseViewController */,
				363B91111982F50200E09133 /* CollectionViewCells */,
				36ED67221982DE91001D5C10 /* DataCenters */,
				36ED66AA1982D6FD001D5C10 /* EditingViewControllers */,
				36ED671C1982DBB6001D5C10 /* MusicGenerator */,
				363B910C1982F46000E09133 /* PlayingViewControllers */,
				36E70C1719A907C400DB306D /* Utils */,
			);
			path = Source;
			sourceTree = "<group>";
		};
		36ED66A81982D6FD001D5C10 /* AppDelegate */ = {
			isa = PBXGroup;
			children = (
				36ED66A91982D6FD001D5C10 /* AppDelegate.swift */,
			);
			path = AppDelegate;
			sourceTree = "<group>";
		};
		36ED66AA1982D6FD001D5C10 /* EditingViewControllers */ = {
			isa = PBXGroup;
			children = (
				36ED66AD1982D9D3001D5C10 /* SectionsCollectionViewController.swift */,
				36ED66AF1982DA26001D5C10 /* SectionsCollectionViewController.storyboard */,
				36E70C0F19A6C6FC00DB306D /* NewSongGeneratorViewController.swift */,
				36E70C1119A6C70C00DB306D /* NewSongGenerator.storyboard */,
				36E70C1319A907A300DB306D /* SongSettingsViewController.swift */,
				36E70C1519A907AE00DB306D /* SongSettings.storyboard */,
				363B9118198314DB00E09133 /* ChordsViewController.swift */,
				363B911C198314FD00E09133 /* ChordsViewController.storyboard */,
				363B911A198314F200E09133 /* SingleChordViewController.swift */,
				363B911E1983150700E09133 /* SingleChordViewController.storyboard */,
			);
			path = EditingViewControllers;
			sourceTree = "<group>";
		};
		36ED66AC1982D990001D5C10 /* BaseViewController */ = {
			isa = PBXGroup;
			children = (
			);
			path = BaseViewController;
			sourceTree = "<group>";
		};
		36ED66B11982DAE1001D5C10 /* TempGenerator */ = {
			isa = PBXGroup;
			children = (
				369892E719FDA8CE0070ACFA /* TestAudio */,
			);
			name = TempGenerator;
			sourceTree = "<group>";
		};
		36ED671C1982DBB6001D5C10 /* MusicGenerator */ = {
			isa = PBXGroup;
			children = (
				36ED671D1982DBF7001D5C10 /* MusicGenerator.swift */,
				36ED671F1982DD07001D5C10 /* SongSection.swift */,
				36ED67251982E1DD001D5C10 /* JukeBox.swift */,
				36266E871A01BA0400AB66D0 /* SongForm.swift */,
			);
			path = MusicGenerator;
			sourceTree = "<group>";
		};
		36ED67221982DE91001D5C10 /* DataCenters */ = {
			isa = PBXGroup;
			children = (
				36ED67231982DE99001D5C10 /* CurrentSongDataCenter.swift */,
			);
			path = DataCenters;
			sourceTree = "<group>";
		};
		CCADC81EA03F42E5804B3290 /* Frameworks */ = {
			isa = PBXGroup;
			children = (
				6684E807DFB3424EAB2B204A /* libPods.a */,
			);
			name = Frameworks;
			sourceTree = "<group>";
		};
/* End PBXGroup section */

/* Begin PBXNativeTarget section */
		36ED66801982D535001D5C10 /* JazzPractice */ = {
			isa = PBXNativeTarget;
			buildConfigurationList = 36ED669D1982D535001D5C10 /* Build configuration list for PBXNativeTarget "JazzPractice" */;
			buildPhases = (
				0D334ED316B4481FAD3F7100 /* Check Pods Manifest.lock */,
				36ED667D1982D535001D5C10 /* Sources */,
				36ED667E1982D535001D5C10 /* Frameworks */,
				36ED667F1982D535001D5C10 /* Resources */,
				E4600BF993EB45F8B2D22317 /* Copy Pods Resources */,
			);
			buildRules = (
			);
			dependencies = (
			);
			name = JazzPractice;
			productName = JazzPractice;
			productReference = 36ED66811982D535001D5C10 /* JazzPractice.app */;
			productType = "com.apple.product-type.application";
		};
		36ED66921982D535001D5C10 /* JazzPracticeTests */ = {
			isa = PBXNativeTarget;
			buildConfigurationList = 36ED66A01982D535001D5C10 /* Build configuration list for PBXNativeTarget "JazzPracticeTests" */;
			buildPhases = (
				36ED668F1982D535001D5C10 /* Sources */,
				36ED66901982D535001D5C10 /* Frameworks */,
				36ED66911982D535001D5C10 /* Resources */,
			);
			buildRules = (
			);
			dependencies = (
				36ED66951982D535001D5C10 /* PBXTargetDependency */,
			);
			name = JazzPracticeTests;
			productName = JazzPracticeTests;
			productReference = 36ED66931982D535001D5C10 /* JazzPracticeTests.xctest */;
			productType = "com.apple.product-type.bundle.unit-test";
		};
/* End PBXNativeTarget section */

/* Begin PBXProject section */
		36ED66791982D535001D5C10 /* Project object */ = {
			isa = PBXProject;
			attributes = {
				LastUpgradeCheck = 0600;
				ORGANIZATIONNAME = "Peter Livesey";
				TargetAttributes = {
					36ED66801982D535001D5C10 = {
						CreatedOnToolsVersion = 6.0;
					};
					36ED66921982D535001D5C10 = {
						CreatedOnToolsVersion = 6.0;
						TestTargetID = 36ED66801982D535001D5C10;
					};
				};
			};
			buildConfigurationList = 36ED667C1982D535001D5C10 /* Build configuration list for PBXProject "JazzPractice" */;
			compatibilityVersion = "Xcode 3.2";
			developmentRegion = English;
			hasScannedForEncodings = 0;
			knownRegions = (
				en,
				Base,
			);
			mainGroup = 36ED66781982D535001D5C10;
			productRefGroup = 36ED66821982D535001D5C10 /* Products */;
			projectDirPath = "";
			projectRoot = "";
			targets = (
				36ED66801982D535001D5C10 /* JazzPractice */,
				36ED66921982D535001D5C10 /* JazzPracticeTests */,
			);
		};
/* End PBXProject section */

/* Begin PBXResourcesBuildPhase section */
		36ED667F1982D535001D5C10 /* Resources */ = {
			isa = PBXResourcesBuildPhase;
			buildActionMask = 2147483647;
			files = (
				363B911D198314FE00E09133 /* ChordsViewController.storyboard in Resources */,
				36ED668E1982D535001D5C10 /* Images.xcassets in Resources */,
				363B91131982F51100E09133 /* ChordCell.xib in Resources */,
				3698936019FDA8CF0070ACFA /* trumpet.sf2 in Resources */,
				36ED66B01982DA26001D5C10 /* SectionsCollectionViewController.storyboard in Resources */,
				36E70C1219A6C70C00DB306D /* NewSongGenerator.storyboard in Resources */,
				3698933319FDA8CF0070ACFA /* Piano.sf2 in Resources */,
				363B91101982F47600E09133 /* SheetMusicViewController.storyboard in Resources */,
				3698935E19FDA8CF0070ACFA /* sax.sf2 in Resources */,
				36E70C1619A907AE00DB306D /* SongSettings.storyboard in Resources */,
				3698933019FDA8CF0070ACFA /* jazzBass.sf2 in Resources */,
				3698932D19FDA8CF0070ACFA /* drums.sf2 in Resources */,
				363B911F1983150700E09133 /* SingleChordViewController.storyboard in Resources */,
			);
			runOnlyForDeploymentPostprocessing = 0;
		};
		36ED66911982D535001D5C10 /* Resources */ = {
			isa = PBXResourcesBuildPhase;
			buildActionMask = 2147483647;
			files = (
			);
			runOnlyForDeploymentPostprocessing = 0;
		};
/* End PBXResourcesBuildPhase section */

/* Begin PBXShellScriptBuildPhase section */
		0D334ED316B4481FAD3F7100 /* Check Pods Manifest.lock */ = {
			isa = PBXShellScriptBuildPhase;
			buildActionMask = 2147483647;
			files = (
			);
			inputPaths = (
			);
			name = "Check Pods Manifest.lock";
			outputPaths = (
			);
			runOnlyForDeploymentPostprocessing = 0;
			shellPath = /bin/sh;
			shellScript = "diff \"${PODS_ROOT}/../Podfile.lock\" \"${PODS_ROOT}/Manifest.lock\" > /dev/null\nif [[ $? != 0 ]] ; then\n    cat << EOM\nerror: The sandbox is not in sync with the Podfile.lock. Run 'pod install' or update your CocoaPods installation.\nEOM\n    exit 1\nfi\n";
			showEnvVarsInLog = 0;
		};
		E4600BF993EB45F8B2D22317 /* Copy Pods Resources */ = {
			isa = PBXShellScriptBuildPhase;
			buildActionMask = 2147483647;
			files = (
			);
			inputPaths = (
			);
			name = "Copy Pods Resources";
			outputPaths = (
			);
			runOnlyForDeploymentPostprocessing = 0;
			shellPath = /bin/sh;
			shellScript = "\"${SRCROOT}/Pods/Pods-resources.sh\"\n";
			showEnvVarsInLog = 0;
		};
/* End PBXShellScriptBuildPhase section */

/* Begin PBXSourcesBuildPhase section */
		36ED667D1982D535001D5C10 /* Sources */ = {
			isa = PBXSourcesBuildPhase;
			buildActionMask = 2147483647;
			files = (
				36ED67201982DD07001D5C10 /* SongSection.swift in Sources */,
				3698934019FDA8CF0070ACFA /* FiveOverOneEndingChordGen.swift in Sources */,
				3698934719FDA8CF0070ACFA /* SubdominantChordGen.swift in Sources */,
				3698935619FDA8CF0070ACFA /* MusicUtil+NotePicker.swift in Sources */,
				36ED66AB1982D6FD001D5C10 /* AppDelegate.swift in Sources */,
				36ED67261982E1DD001D5C10 /* JukeBox.swift in Sources */,
				3698933619FDA8CF0070ACFA /* DrumGenerator.swift in Sources */,
				3698934819FDA8CF0070ACFA /* ToFlatVIIChordGen.swift in Sources */,
				3698935F19FDA8CF0070ACFA /* SongComposer.swift in Sources */,
				3698935D19FDA8CF0070ACFA /* ScoreCreator.swift in Sources */,
				3698933B19FDA8CF0070ACFA /* AscendingDimChordGen.swift in Sources */,
				3698935819FDA8CF0070ACFA /* MusicUtil+Transpose.swift in Sources */,
				3698935B19FDA8CF0070ACFA /* ChordVoicer.swift in Sources */,
				363B910E1982F46B00E09133 /* SheetMusicViewController.swift in Sources */,
				3698934919FDA8CF0070ACFA /* TwoFiveOneChordGen.swift in Sources */,
				3698934219FDA8CF0070ACFA /* FlatSevenDiminishedEndingChordGen.swift in Sources */,
				3698934D19FDA8CF0070ACFA /* JazzMelodyGenerator.swift in Sources */,
				36266E881A01BA0400AB66D0 /* SongForm.swift in Sources */,
				3698935719FDA8CF0070ACFA /* MusicUtil+Scales.swift in Sources */,
				3698933719FDA8CF0070ACFA /* ChordFactory.swift in Sources */,
				3698935019FDA8CF0070ACFA /* PLMusicPlayerNote.swift in Sources */,
				3698934B19FDA8CF0070ACFA /* TwoSevenTwoFiveOneEndingChordGen.swift in Sources */,
				3698933F19FDA8CF0070ACFA /* FiveOfFiveEndingChordGen.swift in Sources */,
				3698934319FDA8CF0070ACFA /* RhythmChangesOneChordGen.swift in Sources */,
				363B9119198314DB00E09133 /* ChordsViewController.swift in Sources */,
				36E70C1919A907E400DB306D /* UIUtils.swift in Sources */,
				36E70C1419A907A300DB306D /* SongSettingsViewController.swift in Sources */,
				3698934619FDA8CF0070ACFA /* StrayCatStrutChordGen.swift in Sources */,
				3698935119FDA8CF0070ACFA /* PLMusicPlayer.swift in Sources */,
				3698933E19FDA8CF0070ACFA /* ClassicalStateMachineChordGen.swift in Sources */,
				3698935319FDA8CF0070ACFA /* MusicUtil+Finder.swift in Sources */,
				3698934F19FDA8CF0070ACFA /* MelodyRhythmGenerator.swift in Sources */,
				3698933D19FDA8CF0070ACFA /* Circle5ChordGen.swift in Sources */,
				3698934119FDA8CF0070ACFA /* FiveSusChordEndingGen.swift in Sources */,
				3698934419FDA8CF0070ACFA /* RhythmChangesTwoChordGen.swift in Sources */,
				3698934E19FDA8CF0070ACFA /* JazzMelodyGenerator2.swift in Sources */,
				3698934519FDA8CF0070ACFA /* SevenDimChordEndingGen.swift in Sources */,
				3698933919FDA8CF0070ACFA /* ChordMeasure.swift in Sources */,
				3698934C19FDA8CF0070ACFA /* MelodyMeasure.swift in Sources */,
				36ED66AE1982D9D3001D5C10 /* SectionsCollectionViewController.swift in Sources */,
				3698935419FDA8CF0070ACFA /* MusicUtil+Measures.swift in Sources */,
				3698935519FDA8CF0070ACFA /* MusicUtil+NoteConverter.swift in Sources */,
				3698934A19FDA8CF0070ACFA /* TwoFiveTwoFiveEndingChordGen.swift in Sources */,
				3698933519FDA8CF0070ACFA /* BasslineGenerator.swift in Sources */,
				3698933819FDA8CF0070ACFA /* ChordData.swift in Sources */,
				363B91151982F61100E09133 /* ChordCell.swift in Sources */,
				3698935A19FDA8CF0070ACFA /* RandomArrayExtension.swift in Sources */,
				36ED671E1982DBF7001D5C10 /* MusicGenerator.swift in Sources */,
				3698935C19FDA8CF0070ACFA /* RhythmSectionGenerator.swift in Sources */,
				3698935919FDA8CF0070ACFA /* MusicUtil.swift in Sources */,
				3698933A19FDA8CF0070ACFA /* JazzChordGenerator.swift in Sources */,
				363B911B198314F200E09133 /* SingleChordViewController.swift in Sources */,
				36E70C1019A6C6FC00DB306D /* NewSongGeneratorViewController.swift in Sources */,
				3698933C19FDA8CF0070ACFA /* ChordGenProtocol.swift in Sources */,
				36ED67241982DE99001D5C10 /* CurrentSongDataCenter.swift in Sources */,
				3698935219FDA8CF0070ACFA /* TestMusicPlayer.swift in Sources */,
				3698933419FDA8CF0070ACFA /* AccurateDispatchTimer.swift in Sources */,
			);
			runOnlyForDeploymentPostprocessing = 0;
		};
		36ED668F1982D535001D5C10 /* Sources */ = {
			isa = PBXSourcesBuildPhase;
			buildActionMask = 2147483647;
			files = (
				36ED669A1982D535001D5C10 /* JazzPracticeTests.swift in Sources */,
			);
			runOnlyForDeploymentPostprocessing = 0;
		};
/* End PBXSourcesBuildPhase section */

/* Begin PBXTargetDependency section */
		36ED66951982D535001D5C10 /* PBXTargetDependency */ = {
			isa = PBXTargetDependency;
			target = 36ED66801982D535001D5C10 /* JazzPractice */;
			targetProxy = 36ED66941982D535001D5C10 /* PBXContainerItemProxy */;
		};
/* End PBXTargetDependency section */

/* Begin XCBuildConfiguration section */
		36ED669B1982D535001D5C10 /* Debug */ = {
			isa = XCBuildConfiguration;
			buildSettings = {
				ALWAYS_SEARCH_USER_PATHS = NO;
				CLANG_CXX_LANGUAGE_STANDARD = "gnu++0x";
				CLANG_CXX_LIBRARY = "libc++";
				CLANG_ENABLE_MODULES = YES;
				CLANG_ENABLE_OBJC_ARC = YES;
				CLANG_WARN_BOOL_CONVERSION = YES;
				CLANG_WARN_CONSTANT_CONVERSION = YES;
				CLANG_WARN_DIRECT_OBJC_ISA_USAGE = YES_ERROR;
				CLANG_WARN_EMPTY_BODY = YES;
				CLANG_WARN_ENUM_CONVERSION = YES;
				CLANG_WARN_INT_CONVERSION = YES;
				CLANG_WARN_OBJC_ROOT_CLASS = YES_ERROR;
				CLANG_WARN_UNREACHABLE_CODE = YES;
				CLANG_WARN__DUPLICATE_METHOD_MATCH = YES;
				"CODE_SIGN_IDENTITY[sdk=iphoneos*]" = "iPhone Developer";
				COPY_PHASE_STRIP = NO;
				ENABLE_STRICT_OBJC_MSGSEND = YES;
				GCC_C_LANGUAGE_STANDARD = gnu99;
				GCC_DYNAMIC_NO_PIC = NO;
				GCC_OPTIMIZATION_LEVEL = 0;
				GCC_PREPROCESSOR_DEFINITIONS = (
					"DEBUG=1",
					"$(inherited)",
				);
				GCC_SYMBOLS_PRIVATE_EXTERN = NO;
				GCC_WARN_64_TO_32_BIT_CONVERSION = YES;
				GCC_WARN_ABOUT_RETURN_TYPE = YES_ERROR;
				GCC_WARN_UNDECLARED_SELECTOR = YES;
				GCC_WARN_UNINITIALIZED_AUTOS = YES_AGGRESSIVE;
				GCC_WARN_UNUSED_FUNCTION = YES;
				GCC_WARN_UNUSED_VARIABLE = YES;
				IPHONEOS_DEPLOYMENT_TARGET = 8.0;
				MTL_ENABLE_DEBUG_INFO = YES;
				ONLY_ACTIVE_ARCH = YES;
				SDKROOT = iphoneos;
				SWIFT_OPTIMIZATION_LEVEL = "-Onone";
				TARGETED_DEVICE_FAMILY = "1,2";
			};
			name = Debug;
		};
		36ED669C1982D535001D5C10 /* Release */ = {
			isa = XCBuildConfiguration;
			buildSettings = {
				ALWAYS_SEARCH_USER_PATHS = NO;
				CLANG_CXX_LANGUAGE_STANDARD = "gnu++0x";
				CLANG_CXX_LIBRARY = "libc++";
				CLANG_ENABLE_MODULES = YES;
				CLANG_ENABLE_OBJC_ARC = YES;
				CLANG_WARN_BOOL_CONVERSION = YES;
				CLANG_WARN_CONSTANT_CONVERSION = YES;
				CLANG_WARN_DIRECT_OBJC_ISA_USAGE = YES_ERROR;
				CLANG_WARN_EMPTY_BODY = YES;
				CLANG_WARN_ENUM_CONVERSION = YES;
				CLANG_WARN_INT_CONVERSION = YES;
				CLANG_WARN_OBJC_ROOT_CLASS = YES_ERROR;
				CLANG_WARN_UNREACHABLE_CODE = YES;
				CLANG_WARN__DUPLICATE_METHOD_MATCH = YES;
				"CODE_SIGN_IDENTITY[sdk=iphoneos*]" = "iPhone Developer";
				COPY_PHASE_STRIP = YES;
				ENABLE_NS_ASSERTIONS = NO;
				ENABLE_STRICT_OBJC_MSGSEND = YES;
				GCC_C_LANGUAGE_STANDARD = gnu99;
				GCC_WARN_64_TO_32_BIT_CONVERSION = YES;
				GCC_WARN_ABOUT_RETURN_TYPE = YES_ERROR;
				GCC_WARN_UNDECLARED_SELECTOR = YES;
				GCC_WARN_UNINITIALIZED_AUTOS = YES_AGGRESSIVE;
				GCC_WARN_UNUSED_FUNCTION = YES;
				GCC_WARN_UNUSED_VARIABLE = YES;
				IPHONEOS_DEPLOYMENT_TARGET = 8.0;
				MTL_ENABLE_DEBUG_INFO = NO;
				SDKROOT = iphoneos;
				TARGETED_DEVICE_FAMILY = "1,2";
				VALIDATE_PRODUCT = YES;
			};
			name = Release;
		};
		36ED669E1982D535001D5C10 /* Debug */ = {
			isa = XCBuildConfiguration;
			baseConfigurationReference = C6B09F7822F94B5C984F47AD /* Pods.xcconfig */;
			buildSettings = {
				ASSETCATALOG_COMPILER_APPICON_NAME = AppIcon;
				ASSETCATALOG_COMPILER_LAUNCHIMAGE_NAME = LaunchImage;
				INFOPLIST_FILE = JazzPractice/Info.plist;
				LD_RUNPATH_SEARCH_PATHS = "$(inherited) @executable_path/Frameworks";
				PRODUCT_NAME = "$(TARGET_NAME)";
			};
			name = Debug;
		};
		36ED669F1982D535001D5C10 /* Release */ = {
			isa = XCBuildConfiguration;
			baseConfigurationReference = C6B09F7822F94B5C984F47AD /* Pods.xcconfig */;
			buildSettings = {
				ASSETCATALOG_COMPILER_APPICON_NAME = AppIcon;
				ASSETCATALOG_COMPILER_LAUNCHIMAGE_NAME = LaunchImage;
				INFOPLIST_FILE = JazzPractice/Info.plist;
				LD_RUNPATH_SEARCH_PATHS = "$(inherited) @executable_path/Frameworks";
				PRODUCT_NAME = "$(TARGET_NAME)";
			};
			name = Release;
		};
		36ED66A11982D535001D5C10 /* Debug */ = {
			isa = XCBuildConfiguration;
			buildSettings = {
				BUNDLE_LOADER = "$(BUILT_PRODUCTS_DIR)/JazzPractice.app/JazzPractice";
				FRAMEWORK_SEARCH_PATHS = (
					"$(SDKROOT)/Developer/Library/Frameworks",
					"$(inherited)",
				);
				GCC_PREPROCESSOR_DEFINITIONS = (
					"DEBUG=1",
					"$(inherited)",
				);
				INFOPLIST_FILE = JazzPracticeTests/Info.plist;
				LD_RUNPATH_SEARCH_PATHS = "$(inherited) @executable_path/Frameworks @loader_path/Frameworks";
				PRODUCT_NAME = "$(TARGET_NAME)";
				TEST_HOST = "$(BUNDLE_LOADER)";
			};
			name = Debug;
		};
		36ED66A21982D535001D5C10 /* Release */ = {
			isa = XCBuildConfiguration;
			buildSettings = {
				BUNDLE_LOADER = "$(BUILT_PRODUCTS_DIR)/JazzPractice.app/JazzPractice";
				FRAMEWORK_SEARCH_PATHS = (
					"$(SDKROOT)/Developer/Library/Frameworks",
					"$(inherited)",
				);
				INFOPLIST_FILE = JazzPracticeTests/Info.plist;
				LD_RUNPATH_SEARCH_PATHS = "$(inherited) @executable_path/Frameworks @loader_path/Frameworks";
				PRODUCT_NAME = "$(TARGET_NAME)";
				TEST_HOST = "$(BUNDLE_LOADER)";
			};
			name = Release;
		};
/* End XCBuildConfiguration section */

/* Begin XCConfigurationList section */
		36ED667C1982D535001D5C10 /* Build configuration list for PBXProject "JazzPractice" */ = {
			isa = XCConfigurationList;
			buildConfigurations = (
				36ED669B1982D535001D5C10 /* Debug */,
				36ED669C1982D535001D5C10 /* Release */,
			);
			defaultConfigurationIsVisible = 0;
			defaultConfigurationName = Release;
		};
		36ED669D1982D535001D5C10 /* Build configuration list for PBXNativeTarget "JazzPractice" */ = {
			isa = XCConfigurationList;
			buildConfigurations = (
				36ED669E1982D535001D5C10 /* Debug */,
				36ED669F1982D535001D5C10 /* Release */,
			);
			defaultConfigurationIsVisible = 0;
			defaultConfigurationName = Release;
		};
		36ED66A01982D535001D5C10 /* Build configuration list for PBXNativeTarget "JazzPracticeTests" */ = {
			isa = XCConfigurationList;
			buildConfigurations = (
				36ED66A11982D535001D5C10 /* Debug */,
				36ED66A21982D535001D5C10 /* Release */,
			);
			defaultConfigurationIsVisible = 0;
			defaultConfigurationName = Release;
		};
/* End XCConfigurationList section */
	};
	rootObject = 36ED66791982D535001D5C10 /* Project object */;
}
